// !$*UTF8*$!
{
	archiveVersion = 1;
	classes = {
	};
	objectVersion = 46;
	objects = {
/* Begin PBXBuildFile section */
		0207DA581B56EA530066E2B4 /* Images.xcassets in Resources */ = {isa = PBXBuildFile; fileRef = 0207DA571B56EA530066E2B4 /* Images.xcassets */; };
		1D3623260D0F684500981E51 /* AppDelegate.m in Sources */ = {isa = PBXBuildFile; fileRef = 1D3623250D0F684500981E51 /* AppDelegate.m */; };
		1D60589B0D05DD56006BFB54 /* main.m in Sources */ = {isa = PBXBuildFile; fileRef = 29B97316FDCFA39411CA2CEA /* main.m */; };
		301BF552109A68D80062928A /* libCordova.a in Frameworks */ = {isa = PBXBuildFile; fileRef = 301BF535109A57CC0062928A /* libCordova.a */; };
		302D95F114D2391D003F00A1 /* MainViewController.m in Sources */ = {isa = PBXBuildFile; fileRef = 302D95EF14D2391D003F00A1 /* MainViewController.m */; };
		302D95F214D2391D003F00A1 /* MainViewController.xib in Resources */ = {isa = PBXBuildFile; fileRef = 302D95F014D2391D003F00A1 /* MainViewController.xib */; };
		3047A5121AB8059700498E2A /* build-debug.xcconfig in Resources */ = {isa = PBXBuildFile; fileRef = 3047A50F1AB8059700498E2A /* build-debug.xcconfig */; };
		3047A5131AB8059700498E2A /* build-release.xcconfig in Resources */ = {isa = PBXBuildFile; fileRef = 3047A5101AB8059700498E2A /* build-release.xcconfig */; };
		3047A5141AB8059700498E2A /* build.xcconfig in Resources */ = {isa = PBXBuildFile; fileRef = 3047A5111AB8059700498E2A /* build.xcconfig */; };
		90EC731652C04F20B5FA2A6B /* CDVLogger.m in Sources */ = {isa = PBXBuildFile; fileRef = 154ECD7F45AA4FCDAF5BA83B /* CDVLogger.m */; };
		7FFE652F7E374B699AFD511B /* CDVDevice.m in Sources */ = {isa = PBXBuildFile; fileRef = D45979BF1E57406B90482165 /* CDVDevice.m */; };
		BA6F99F755F045BB882342ED /* CDVInAppBrowser.m in Sources */ = {isa = PBXBuildFile; fileRef = 4AAF34A2142F446EAAAA44E7 /* CDVInAppBrowser.m */; };
		B3E1BA1E61BD47EC9FACEA05 /* CDVSplashScreen.m in Sources */ = {isa = PBXBuildFile; fileRef = 2E90C2DB49B74421A29C85AF /* CDVSplashScreen.m */; };
		17A732BFDFA74A96BCD2F917 /* CDVViewController+SplashScreen.m in Sources */ = {isa = PBXBuildFile; fileRef = 5EBFBF91AEE14469BDEA8907 /* CDVViewController+SplashScreen.m */; };
		0848B6221A0B4F44A278A13B /* CDVStatusBar.m in Sources */ = {isa = PBXBuildFile; fileRef = 36757953E4794ED396959105 /* CDVStatusBar.m */; };
		D54780B0903C4B5F859198B8 /* IonicConstant.m in Sources */ = {isa = PBXBuildFile; fileRef = 6A77FBBA0596473C943137F1 /* IonicConstant.m */; };
		B89E0938DF6D41DEB7A3A6FF /* IonicDeploy.m in Sources */ = {isa = PBXBuildFile; fileRef = DF4273B1D0AB440CB7F2CB2F /* IonicDeploy.m */; };
		D2E5DB60241B4EAC8EE9E42E /* Download.m in Sources */ = {isa = PBXBuildFile; fileRef = 0CAD8F2532CF41828517582B /* Download.m */; };
		5B8922FDB890453FB69F2C24 /* DownloadManager.m in Sources */ = {isa = PBXBuildFile; fileRef = 4AC3FDEEF64647FC9E17124D /* DownloadManager.m */; };
		75D2F70098AE4419974DCF8F /* SSZipArchive.m in Sources */ = {isa = PBXBuildFile; fileRef = 6CE4945BD115400C8E2E4AFD /* SSZipArchive.m */; };
		3C2F0D7ACC1E4C42A2067695 /* ioapi.c in Resources */ = {isa = PBXBuildFile; fileRef = 8595860A1A9A441785D2DC98 /* ioapi.c */; };
		C3D8CA6528504AAF8408E5D9 /* unzip.c in Resources */ = {isa = PBXBuildFile; fileRef = F103D3C9089F44D9AA5D4B49 /* unzip.c */; };
		69B0FC0E143E47499FC51873 /* zip.c in Resources */ = {isa = PBXBuildFile; fileRef = A07134CFA289434F9A43DC67 /* zip.c */; };
		507FD8154CFE4788A5BEFEBE /* adler32.c in Resources */ = {isa = PBXBuildFile; fileRef = 4A754BE4EB10488799F44062 /* adler32.c */; };
		371F728726EA4B27A822FCA7 /* compress.c in Resources */ = {isa = PBXBuildFile; fileRef = 004DD5FD07EF4F878CB10EA5 /* compress.c */; };
		860D622AEC824123B72CA814 /* crc32.c in Resources */ = {isa = PBXBuildFile; fileRef = 556D272B09B04E12858D2E1A /* crc32.c */; };
		9A50A7E2356C4685A5ABBC1E /* deflate.c in Resources */ = {isa = PBXBuildFile; fileRef = 07037ADBADD3459D866159B7 /* deflate.c */; };
		11D9B0A93A0B445D824C7A7A /* gzclose.c in Resources */ = {isa = PBXBuildFile; fileRef = 3815D1982D18418D847CF37B /* gzclose.c */; };
		EE98052A232F41B0A67893B0 /* gzlib.c in Resources */ = {isa = PBXBuildFile; fileRef = AAF454609F3E4498BBAC293C /* gzlib.c */; };
		BBC9C3AA2DC14789B7A45A50 /* gzread.c in Resources */ = {isa = PBXBuildFile; fileRef = 77D7D27CEECC41CC8634A8AE /* gzread.c */; };
		78ECCAB43CB740779E4B594F /* gzwrite.c in Resources */ = {isa = PBXBuildFile; fileRef = EB4259FF0B3049C9A5B88298 /* gzwrite.c */; };
		709B406D2D00438F815F96DC /* infback.c in Resources */ = {isa = PBXBuildFile; fileRef = D7521177B15F4124B2DC3A4C /* infback.c */; };
		BBB87BF4D86C4404AFC81825 /* inffast.c in Resources */ = {isa = PBXBuildFile; fileRef = AF393C47F3C04E3AB494D4CF /* inffast.c */; };
		BFE754823833436F9A3F24CE /* inflate.c in Resources */ = {isa = PBXBuildFile; fileRef = DE704B1F9E6B4476829D8E5E /* inflate.c */; };
		7E3C25E7254B43959D261929 /* inftrees.c in Resources */ = {isa = PBXBuildFile; fileRef = E541C66BCBE44002A9F3665E /* inftrees.c */; };
		9634CA8D246E413FA52BD721 /* trees.c in Resources */ = {isa = PBXBuildFile; fileRef = 8F4B8B9B24684039B2C3637D /* trees.c */; };
		ED8E1ED991EE418D8904D0ED /* uncompr.c in Resources */ = {isa = PBXBuildFile; fileRef = 2D34282CDC2D459A9257C246 /* uncompr.c */; };
		AA36C5F25D524D139C95A92B /* zutil.c in Resources */ = {isa = PBXBuildFile; fileRef = 6B2C1058B0E3480DA875646B /* zutil.c */; };
		EB179E608B0D41598FE0BA68 /* Base64.m in Sources */ = {isa = PBXBuildFile; fileRef = FDB91F0AD84E4E6EB54C5FAB /* Base64.m */; };
		7358A1BC88B2427F967C12D6 /* UNIHTTPClientHelper.m in Sources */ = {isa = PBXBuildFile; fileRef = 57A2C24036B44BB1B94E5141 /* UNIHTTPClientHelper.m */; };
		318BEE626BF04885935E6E8E /* UNIHTTPRequest.m in Sources */ = {isa = PBXBuildFile; fileRef = 0017460FD4364B3895A35217 /* UNIHTTPRequest.m */; };
		24DC21C9DE564C0C9F68EA45 /* UNIHTTPRequestWithBody.m in Sources */ = {isa = PBXBuildFile; fileRef = A8189DE8DE8F4A5E827306F3 /* UNIHTTPRequestWithBody.m */; };
		F85EB36F2AAB4D74AF0F282A /* UNIRest.m in Sources */ = {isa = PBXBuildFile; fileRef = 521DEE0A52884F0486844794 /* UNIRest.m */; };
		AEBD1CFFC8DA415EB3033B89 /* UNIUrlConnection.m in Sources */ = {isa = PBXBuildFile; fileRef = 9CC93B0DE7CD4B5887F752B5 /* UNIUrlConnection.m */; };
		AFCA737341FF4760AA7DD435 /* UNIBaseRequest.m in Sources */ = {isa = PBXBuildFile; fileRef = 4BDC09BA03494E20B3728DCB /* UNIBaseRequest.m */; };
		2EBEF63C89F44DBD9EE15823 /* UNIBodyRequest.m in Sources */ = {isa = PBXBuildFile; fileRef = 932F5B41518343C7AB2ED07C /* UNIBodyRequest.m */; };
		D62EEE6EF8E54D6CBF5FB8CA /* UNISimpleRequest.m in Sources */ = {isa = PBXBuildFile; fileRef = C3C035F26C864C86BFB4093E /* UNISimpleRequest.m */; };
		634F5861DFE5407289C9AA0F /* UNIHTTPBinaryResponse.m in Sources */ = {isa = PBXBuildFile; fileRef = B8B8B83DFC6B42068EA2E079 /* UNIHTTPBinaryResponse.m */; };
		5CCBA4D34873407BBA45D590 /* UNIHTTPJsonResponse.m in Sources */ = {isa = PBXBuildFile; fileRef = 1C3E05A7BD04410EB034DFE8 /* UNIHTTPJsonResponse.m */; };
		02EF6A017271463385C398AA /* UNIHTTPResponse.m in Sources */ = {isa = PBXBuildFile; fileRef = 9DDF7713F3874897B330861D /* UNIHTTPResponse.m */; };
		E4460EDA24A94F01BB5C691F /* UNIHTTPStringResponse.m in Sources */ = {isa = PBXBuildFile; fileRef = C376B395F8A4408FA8CBB98B /* UNIHTTPStringResponse.m */; };
		E7124BD020DD45F3AEA270A8 /* UNIJsonNode.m in Sources */ = {isa = PBXBuildFile; fileRef = F27CE9827C1C43CC867A88BE /* UNIJsonNode.m */; };
		FAED0F6893F64081B8BF3609 /* IonicKeyboard.m in Sources */ = {isa = PBXBuildFile; fileRef = 4A521815B4C04D668F0DB58B /* IonicKeyboard.m */; };
/* End PBXBuildFile section */

/* Begin PBXContainerItemProxy section */
		301BF534109A57CC0062928A /* PBXContainerItemProxy */ = {
			isa = PBXContainerItemProxy;
			containerPortal = 301BF52D109A57CC0062928A /* CordovaLib.xcodeproj */;
			proxyType = 2;
			remoteGlobalIDString = D2AAC07E0554694100DB518D;
			remoteInfo = CordovaLib;
		};
		301BF550109A68C00062928A /* PBXContainerItemProxy */ = {
			isa = PBXContainerItemProxy;
			containerPortal = 301BF52D109A57CC0062928A /* CordovaLib.xcodeproj */;
			proxyType = 1;
			remoteGlobalIDString = D2AAC07D0554694100DB518D;
			remoteInfo = CordovaLib;
		};
/* End PBXContainerItemProxy section */

/* Begin PBXFileReference section */
		0207DA571B56EA530066E2B4 /* Images.xcassets */ = {isa = PBXFileReference; lastKnownFileType = folder.assetcatalog; name = Images.xcassets; path = "pick-app/Images.xcassets"; sourceTree = SOURCE_ROOT; };
		1D3623240D0F684500981E51 /* AppDelegate.h */ = {isa = PBXFileReference; fileEncoding = 4; lastKnownFileType = sourcecode.c.h; path = AppDelegate.h; sourceTree = "<group>"; };
		1D3623250D0F684500981E51 /* AppDelegate.m */ = {isa = PBXFileReference; fileEncoding = 4; lastKnownFileType = sourcecode.c.objc; path = AppDelegate.m; sourceTree = "<group>"; };
		1D6058910D05DD3D006BFB54 /* pick-app.app */ = {isa = PBXFileReference; explicitFileType = wrapper.application; includeInIndex = 0; path = "pick-app.app"; sourceTree = BUILT_PRODUCTS_DIR; };
		29B97316FDCFA39411CA2CEA /* main.m */ = {isa = PBXFileReference; fileEncoding = 4; lastKnownFileType = sourcecode.c.objc; path = main.m; sourceTree = "<group>"; };
		301BF52D109A57CC0062928A /* CordovaLib.xcodeproj */ = {isa = PBXFileReference; lastKnownFileType = "wrapper.pb-project"; name = CordovaLib.xcodeproj; path = CordovaLib/CordovaLib.xcodeproj; sourceTree = "<group>"; };
		301BF56E109A69640062928A /* www */ = {isa = PBXFileReference; lastKnownFileType = folder; path = www; sourceTree = SOURCE_ROOT; };
		302D95EE14D2391D003F00A1 /* MainViewController.h */ = {isa = PBXFileReference; fileEncoding = 4; lastKnownFileType = sourcecode.c.h; path = MainViewController.h; sourceTree = "<group>"; };
		302D95EF14D2391D003F00A1 /* MainViewController.m */ = {isa = PBXFileReference; fileEncoding = 4; lastKnownFileType = sourcecode.c.objc; path = MainViewController.m; sourceTree = "<group>"; };
		302D95F014D2391D003F00A1 /* MainViewController.xib */ = {isa = PBXFileReference; fileEncoding = 4; lastKnownFileType = file.xib; path = MainViewController.xib; sourceTree = "<group>"; };
		3047A50F1AB8059700498E2A /* build-debug.xcconfig */ = {isa = PBXFileReference; fileEncoding = 4; lastKnownFileType = text.xcconfig; name = "build-debug.xcconfig"; path = cordova/build-debug.xcconfig; sourceTree = SOURCE_ROOT; };
		3047A5101AB8059700498E2A /* build-release.xcconfig */ = {isa = PBXFileReference; fileEncoding = 4; lastKnownFileType = text.xcconfig; name = "build-release.xcconfig"; path = cordova/build-release.xcconfig; sourceTree = SOURCE_ROOT; };
		3047A5111AB8059700498E2A /* build.xcconfig */ = {isa = PBXFileReference; fileEncoding = 4; lastKnownFileType = text.xcconfig; name = build.xcconfig; path = cordova/build.xcconfig; sourceTree = SOURCE_ROOT; };
		32CA4F630368D1EE00C91783 /* pick-app-Prefix.pch */ = {isa = PBXFileReference; fileEncoding = 4; lastKnownFileType = sourcecode.c.h; path = "pick-app-Prefix.pch"; sourceTree = "<group>"; };
		8D1107310486CEB800E47090 /* pick-app-Info.plist */ = {isa = PBXFileReference; fileEncoding = 4; lastKnownFileType = text.plist.xml; name = "pick-app-Info.plist"; path = "pick-app/pick-app-Info.plist"; plistStructureDefinitionIdentifier = "com.apple.xcode.plist.structure-definition.iphone.info-plist"; sourceTree = SOURCE_ROOT; };
		EB87FDF31871DA8E0020F90C /* www */ = {isa = PBXFileReference; lastKnownFileType = folder; name = www; path = ../../www; sourceTree = "<group>"; };
		EB87FDF41871DAF40020F90C /* config.xml */ = {isa = PBXFileReference; lastKnownFileType = text.xml; name = config.xml; path = ../../config.xml; sourceTree = "<group>"; };
		F840E1F0165FE0F500CFE078 /* config.xml */ = {isa = PBXFileReference; lastKnownFileType = text.xml; name = config.xml; path = "pick-app/config.xml"; sourceTree = "<group>"; };
		ED33DF2A687741AEAF9F8254 /* Bridging-Header.h */ = {isa = PBXFileReference; fileEncoding = 4; lastKnownFileType = sourcecode.c.h; name = "Bridging-Header.h"; path = "Bridging-Header.h"; sourceTree = "<group>"; };
		154ECD7F45AA4FCDAF5BA83B /* CDVLogger.m */ = {isa = PBXFileReference; name = "CDVLogger.m"; path = "cordova-plugin-console/CDVLogger.m"; sourceTree = "<group>"; fileEncoding = 4; lastKnownFileType = sourcecode.c.objc; explicitFileType = undefined; includeInIndex = 0; };
		BDD4E66365D8442BAAC1CA50 /* CDVLogger.h */ = {isa = PBXFileReference; name = "CDVLogger.h"; path = "cordova-plugin-console/CDVLogger.h"; sourceTree = "<group>"; fileEncoding = 4; lastKnownFileType = sourcecode.c.h; explicitFileType = undefined; includeInIndex = 0; };
		D45979BF1E57406B90482165 /* CDVDevice.m */ = {isa = PBXFileReference; name = "CDVDevice.m"; path = "cordova-plugin-device/CDVDevice.m"; sourceTree = "<group>"; fileEncoding = 4; lastKnownFileType = sourcecode.c.objc; explicitFileType = undefined; includeInIndex = 0; };
		2EC6189FD8774014972995D5 /* CDVDevice.h */ = {isa = PBXFileReference; name = "CDVDevice.h"; path = "cordova-plugin-device/CDVDevice.h"; sourceTree = "<group>"; fileEncoding = 4; lastKnownFileType = sourcecode.c.h; explicitFileType = undefined; includeInIndex = 0; };
		4AAF34A2142F446EAAAA44E7 /* CDVInAppBrowser.m */ = {isa = PBXFileReference; name = "CDVInAppBrowser.m"; path = "cordova-plugin-inappbrowser/CDVInAppBrowser.m"; sourceTree = "<group>"; fileEncoding = 4; lastKnownFileType = sourcecode.c.objc; explicitFileType = undefined; includeInIndex = 0; };
		8DAAF84397844E26BA04B2CE /* CDVInAppBrowser.h */ = {isa = PBXFileReference; name = "CDVInAppBrowser.h"; path = "cordova-plugin-inappbrowser/CDVInAppBrowser.h"; sourceTree = "<group>"; fileEncoding = 4; lastKnownFileType = sourcecode.c.h; explicitFileType = undefined; includeInIndex = 0; };
		2E90C2DB49B74421A29C85AF /* CDVSplashScreen.m */ = {isa = PBXFileReference; name = "CDVSplashScreen.m"; path = "cordova-plugin-splashscreen/CDVSplashScreen.m"; sourceTree = "<group>"; fileEncoding = 4; lastKnownFileType = sourcecode.c.objc; explicitFileType = undefined; includeInIndex = 0; };
		5EBFBF91AEE14469BDEA8907 /* CDVViewController+SplashScreen.m */ = {isa = PBXFileReference; name = "CDVViewController+SplashScreen.m"; path = "cordova-plugin-splashscreen/CDVViewController+SplashScreen.m"; sourceTree = "<group>"; fileEncoding = 4; lastKnownFileType = sourcecode.c.objc; explicitFileType = undefined; includeInIndex = 0; };
		1B974186D0AE4E1297E1722B /* CDVSplashScreen.h */ = {isa = PBXFileReference; name = "CDVSplashScreen.h"; path = "cordova-plugin-splashscreen/CDVSplashScreen.h"; sourceTree = "<group>"; fileEncoding = 4; lastKnownFileType = sourcecode.c.h; explicitFileType = undefined; includeInIndex = 0; };
		F5C64A357175474593AF3FCC /* CDVViewController+SplashScreen.h */ = {isa = PBXFileReference; name = "CDVViewController+SplashScreen.h"; path = "cordova-plugin-splashscreen/CDVViewController+SplashScreen.h"; sourceTree = "<group>"; fileEncoding = 4; lastKnownFileType = sourcecode.c.h; explicitFileType = undefined; includeInIndex = 0; };
		36757953E4794ED396959105 /* CDVStatusBar.m */ = {isa = PBXFileReference; name = "CDVStatusBar.m"; path = "cordova-plugin-statusbar/CDVStatusBar.m"; sourceTree = "<group>"; fileEncoding = 4; lastKnownFileType = sourcecode.c.objc; explicitFileType = undefined; includeInIndex = 0; };
		744B6AF47D5C4584A063E6E0 /* CDVStatusBar.h */ = {isa = PBXFileReference; name = "CDVStatusBar.h"; path = "cordova-plugin-statusbar/CDVStatusBar.h"; sourceTree = "<group>"; fileEncoding = 4; lastKnownFileType = sourcecode.c.h; explicitFileType = undefined; includeInIndex = 0; };
		6A77FBBA0596473C943137F1 /* IonicConstant.m */ = {isa = PBXFileReference; name = "IonicConstant.m"; path = "ionic-plugin-deploy/IonicConstant.m"; sourceTree = "<group>"; fileEncoding = 4; lastKnownFileType = sourcecode.c.objc; explicitFileType = undefined; includeInIndex = 0; };
		DF4273B1D0AB440CB7F2CB2F /* IonicDeploy.m */ = {isa = PBXFileReference; name = "IonicDeploy.m"; path = "ionic-plugin-deploy/IonicDeploy.m"; sourceTree = "<group>"; fileEncoding = 4; lastKnownFileType = sourcecode.c.objc; explicitFileType = undefined; includeInIndex = 0; };
		0CAD8F2532CF41828517582B /* Download.m */ = {isa = PBXFileReference; name = "Download.m"; path = "ionic-plugin-deploy/Download.m"; sourceTree = "<group>"; fileEncoding = 4; lastKnownFileType = sourcecode.c.objc; explicitFileType = undefined; includeInIndex = 0; };
		4AC3FDEEF64647FC9E17124D /* DownloadManager.m */ = {isa = PBXFileReference; name = "DownloadManager.m"; path = "ionic-plugin-deploy/DownloadManager.m"; sourceTree = "<group>"; fileEncoding = 4; lastKnownFileType = sourcecode.c.objc; explicitFileType = undefined; includeInIndex = 0; };
		6CE4945BD115400C8E2E4AFD /* SSZipArchive.m */ = {isa = PBXFileReference; name = "SSZipArchive.m"; path = "ionic-plugin-deploy/SSZipArchive.m"; sourceTree = "<group>"; fileEncoding = 4; lastKnownFileType = sourcecode.c.objc; explicitFileType = undefined; includeInIndex = 0; };
		8595860A1A9A441785D2DC98 /* ioapi.c */ = {isa = PBXFileReference; name = "ioapi.c"; path = "ionic-plugin-deploy/ioapi.c"; sourceTree = "<group>"; fileEncoding = undefined; lastKnownFileType = unknown; explicitFileType = undefined; includeInIndex = 0; };
		F103D3C9089F44D9AA5D4B49 /* unzip.c */ = {isa = PBXFileReference; name = "unzip.c"; path = "ionic-plugin-deploy/unzip.c"; sourceTree = "<group>"; fileEncoding = undefined; lastKnownFileType = unknown; explicitFileType = undefined; includeInIndex = 0; };
		A07134CFA289434F9A43DC67 /* zip.c */ = {isa = PBXFileReference; name = "zip.c"; path = "ionic-plugin-deploy/zip.c"; sourceTree = "<group>"; fileEncoding = undefined; lastKnownFileType = unknown; explicitFileType = undefined; includeInIndex = 0; };
		4A754BE4EB10488799F44062 /* adler32.c */ = {isa = PBXFileReference; name = "adler32.c"; path = "ionic-plugin-deploy/adler32.c"; sourceTree = "<group>"; fileEncoding = undefined; lastKnownFileType = unknown; explicitFileType = undefined; includeInIndex = 0; };
		004DD5FD07EF4F878CB10EA5 /* compress.c */ = {isa = PBXFileReference; name = "compress.c"; path = "ionic-plugin-deploy/compress.c"; sourceTree = "<group>"; fileEncoding = undefined; lastKnownFileType = unknown; explicitFileType = undefined; includeInIndex = 0; };
		556D272B09B04E12858D2E1A /* crc32.c */ = {isa = PBXFileReference; name = "crc32.c"; path = "ionic-plugin-deploy/crc32.c"; sourceTree = "<group>"; fileEncoding = undefined; lastKnownFileType = unknown; explicitFileType = undefined; includeInIndex = 0; };
		07037ADBADD3459D866159B7 /* deflate.c */ = {isa = PBXFileReference; name = "deflate.c"; path = "ionic-plugin-deploy/deflate.c"; sourceTree = "<group>"; fileEncoding = undefined; lastKnownFileType = unknown; explicitFileType = undefined; includeInIndex = 0; };
		3815D1982D18418D847CF37B /* gzclose.c */ = {isa = PBXFileReference; name = "gzclose.c"; path = "ionic-plugin-deploy/gzclose.c"; sourceTree = "<group>"; fileEncoding = undefined; lastKnownFileType = unknown; explicitFileType = undefined; includeInIndex = 0; };
		AAF454609F3E4498BBAC293C /* gzlib.c */ = {isa = PBXFileReference; name = "gzlib.c"; path = "ionic-plugin-deploy/gzlib.c"; sourceTree = "<group>"; fileEncoding = undefined; lastKnownFileType = unknown; explicitFileType = undefined; includeInIndex = 0; };
		77D7D27CEECC41CC8634A8AE /* gzread.c */ = {isa = PBXFileReference; name = "gzread.c"; path = "ionic-plugin-deploy/gzread.c"; sourceTree = "<group>"; fileEncoding = undefined; lastKnownFileType = unknown; explicitFileType = undefined; includeInIndex = 0; };
		EB4259FF0B3049C9A5B88298 /* gzwrite.c */ = {isa = PBXFileReference; name = "gzwrite.c"; path = "ionic-plugin-deploy/gzwrite.c"; sourceTree = "<group>"; fileEncoding = undefined; lastKnownFileType = unknown; explicitFileType = undefined; includeInIndex = 0; };
		D7521177B15F4124B2DC3A4C /* infback.c */ = {isa = PBXFileReference; name = "infback.c"; path = "ionic-plugin-deploy/infback.c"; sourceTree = "<group>"; fileEncoding = undefined; lastKnownFileType = unknown; explicitFileType = undefined; includeInIndex = 0; };
		AF393C47F3C04E3AB494D4CF /* inffast.c */ = {isa = PBXFileReference; name = "inffast.c"; path = "ionic-plugin-deploy/inffast.c"; sourceTree = "<group>"; fileEncoding = undefined; lastKnownFileType = unknown; explicitFileType = undefined; includeInIndex = 0; };
		DE704B1F9E6B4476829D8E5E /* inflate.c */ = {isa = PBXFileReference; name = "inflate.c"; path = "ionic-plugin-deploy/inflate.c"; sourceTree = "<group>"; fileEncoding = undefined; lastKnownFileType = unknown; explicitFileType = undefined; includeInIndex = 0; };
		E541C66BCBE44002A9F3665E /* inftrees.c */ = {isa = PBXFileReference; name = "inftrees.c"; path = "ionic-plugin-deploy/inftrees.c"; sourceTree = "<group>"; fileEncoding = undefined; lastKnownFileType = unknown; explicitFileType = undefined; includeInIndex = 0; };
		8F4B8B9B24684039B2C3637D /* trees.c */ = {isa = PBXFileReference; name = "trees.c"; path = "ionic-plugin-deploy/trees.c"; sourceTree = "<group>"; fileEncoding = undefined; lastKnownFileType = unknown; explicitFileType = undefined; includeInIndex = 0; };
		2D34282CDC2D459A9257C246 /* uncompr.c */ = {isa = PBXFileReference; name = "uncompr.c"; path = "ionic-plugin-deploy/uncompr.c"; sourceTree = "<group>"; fileEncoding = undefined; lastKnownFileType = unknown; explicitFileType = undefined; includeInIndex = 0; };
		6B2C1058B0E3480DA875646B /* zutil.c */ = {isa = PBXFileReference; name = "zutil.c"; path = "ionic-plugin-deploy/zutil.c"; sourceTree = "<group>"; fileEncoding = undefined; lastKnownFileType = unknown; explicitFileType = undefined; includeInIndex = 0; };
		FDB91F0AD84E4E6EB54C5FAB /* Base64.m */ = {isa = PBXFileReference; name = "Base64.m"; path = "ionic-plugin-deploy/Base64.m"; sourceTree = "<group>"; fileEncoding = 4; lastKnownFileType = sourcecode.c.objc; explicitFileType = undefined; includeInIndex = 0; };
		57A2C24036B44BB1B94E5141 /* UNIHTTPClientHelper.m */ = {isa = PBXFileReference; name = "UNIHTTPClientHelper.m"; path = "ionic-plugin-deploy/UNIHTTPClientHelper.m"; sourceTree = "<group>"; fileEncoding = 4; lastKnownFileType = sourcecode.c.objc; explicitFileType = undefined; includeInIndex = 0; };
		0017460FD4364B3895A35217 /* UNIHTTPRequest.m */ = {isa = PBXFileReference; name = "UNIHTTPRequest.m"; path = "ionic-plugin-deploy/UNIHTTPRequest.m"; sourceTree = "<group>"; fileEncoding = 4; lastKnownFileType = sourcecode.c.objc; explicitFileType = undefined; includeInIndex = 0; };
		A8189DE8DE8F4A5E827306F3 /* UNIHTTPRequestWithBody.m */ = {isa = PBXFileReference; name = "UNIHTTPRequestWithBody.m"; path = "ionic-plugin-deploy/UNIHTTPRequestWithBody.m"; sourceTree = "<group>"; fileEncoding = 4; lastKnownFileType = sourcecode.c.objc; explicitFileType = undefined; includeInIndex = 0; };
		521DEE0A52884F0486844794 /* UNIRest.m */ = {isa = PBXFileReference; name = "UNIRest.m"; path = "ionic-plugin-deploy/UNIRest.m"; sourceTree = "<group>"; fileEncoding = 4; lastKnownFileType = sourcecode.c.objc; explicitFileType = undefined; includeInIndex = 0; };
		9CC93B0DE7CD4B5887F752B5 /* UNIUrlConnection.m */ = {isa = PBXFileReference; name = "UNIUrlConnection.m"; path = "ionic-plugin-deploy/UNIUrlConnection.m"; sourceTree = "<group>"; fileEncoding = 4; lastKnownFileType = sourcecode.c.objc; explicitFileType = undefined; includeInIndex = 0; };
		4BDC09BA03494E20B3728DCB /* UNIBaseRequest.m */ = {isa = PBXFileReference; name = "UNIBaseRequest.m"; path = "ionic-plugin-deploy/UNIBaseRequest.m"; sourceTree = "<group>"; fileEncoding = 4; lastKnownFileType = sourcecode.c.objc; explicitFileType = undefined; includeInIndex = 0; };
		932F5B41518343C7AB2ED07C /* UNIBodyRequest.m */ = {isa = PBXFileReference; name = "UNIBodyRequest.m"; path = "ionic-plugin-deploy/UNIBodyRequest.m"; sourceTree = "<group>"; fileEncoding = 4; lastKnownFileType = sourcecode.c.objc; explicitFileType = undefined; includeInIndex = 0; };
		C3C035F26C864C86BFB4093E /* UNISimpleRequest.m */ = {isa = PBXFileReference; name = "UNISimpleRequest.m"; path = "ionic-plugin-deploy/UNISimpleRequest.m"; sourceTree = "<group>"; fileEncoding = 4; lastKnownFileType = sourcecode.c.objc; explicitFileType = undefined; includeInIndex = 0; };
		B8B8B83DFC6B42068EA2E079 /* UNIHTTPBinaryResponse.m */ = {isa = PBXFileReference; name = "UNIHTTPBinaryResponse.m"; path = "ionic-plugin-deploy/UNIHTTPBinaryResponse.m"; sourceTree = "<group>"; fileEncoding = 4; lastKnownFileType = sourcecode.c.objc; explicitFileType = undefined; includeInIndex = 0; };
		1C3E05A7BD04410EB034DFE8 /* UNIHTTPJsonResponse.m */ = {isa = PBXFileReference; name = "UNIHTTPJsonResponse.m"; path = "ionic-plugin-deploy/UNIHTTPJsonResponse.m"; sourceTree = "<group>"; fileEncoding = 4; lastKnownFileType = sourcecode.c.objc; explicitFileType = undefined; includeInIndex = 0; };
		9DDF7713F3874897B330861D /* UNIHTTPResponse.m */ = {isa = PBXFileReference; name = "UNIHTTPResponse.m"; path = "ionic-plugin-deploy/UNIHTTPResponse.m"; sourceTree = "<group>"; fileEncoding = 4; lastKnownFileType = sourcecode.c.objc; explicitFileType = undefined; includeInIndex = 0; };
		C376B395F8A4408FA8CBB98B /* UNIHTTPStringResponse.m */ = {isa = PBXFileReference; name = "UNIHTTPStringResponse.m"; path = "ionic-plugin-deploy/UNIHTTPStringResponse.m"; sourceTree = "<group>"; fileEncoding = 4; lastKnownFileType = sourcecode.c.objc; explicitFileType = undefined; includeInIndex = 0; };
		F27CE9827C1C43CC867A88BE /* UNIJsonNode.m */ = {isa = PBXFileReference; name = "UNIJsonNode.m"; path = "ionic-plugin-deploy/UNIJsonNode.m"; sourceTree = "<group>"; fileEncoding = 4; lastKnownFileType = sourcecode.c.objc; explicitFileType = undefined; includeInIndex = 0; };
		CD7D7D4A0AAC4E4C80E40DC8 /* IonicConstant.h */ = {isa = PBXFileReference; name = "IonicConstant.h"; path = "ionic-plugin-deploy/IonicConstant.h"; sourceTree = "<group>"; fileEncoding = 4; lastKnownFileType = sourcecode.c.h; explicitFileType = undefined; includeInIndex = 0; };
		BA979232F5B04B6DB60808B6 /* IonicDeploy.h */ = {isa = PBXFileReference; name = "IonicDeploy.h"; path = "ionic-plugin-deploy/IonicDeploy.h"; sourceTree = "<group>"; fileEncoding = 4; lastKnownFileType = sourcecode.c.h; explicitFileType = undefined; includeInIndex = 0; };
		5F7F9FF2B5C34D6283A8F4CB /* Download.h */ = {isa = PBXFileReference; name = "Download.h"; path = "ionic-plugin-deploy/Download.h"; sourceTree = "<group>"; fileEncoding = 4; lastKnownFileType = sourcecode.c.h; explicitFileType = undefined; includeInIndex = 0; };
		B46E0979A8F448D3AA9F25E5 /* DownloadManager.h */ = {isa = PBXFileReference; name = "DownloadManager.h"; path = "ionic-plugin-deploy/DownloadManager.h"; sourceTree = "<group>"; fileEncoding = 4; lastKnownFileType = sourcecode.c.h; explicitFileType = undefined; includeInIndex = 0; };
		84087134832A409D9D36D368 /* SSZipArchive.h */ = {isa = PBXFileReference; name = "SSZipArchive.h"; path = "ionic-plugin-deploy/SSZipArchive.h"; sourceTree = "<group>"; fileEncoding = 4; lastKnownFileType = sourcecode.c.h; explicitFileType = undefined; includeInIndex = 0; };
		00284159970E462C9847AF47 /* ARCHelper.h */ = {isa = PBXFileReference; name = "ARCHelper.h"; path = "ionic-plugin-deploy/ARCHelper.h"; sourceTree = "<group>"; fileEncoding = 4; lastKnownFileType = sourcecode.c.h; explicitFileType = undefined; includeInIndex = 0; };
		7258DDB721D548D0BAFF9E50 /* crypt.h */ = {isa = PBXFileReference; name = "crypt.h"; path = "ionic-plugin-deploy/crypt.h"; sourceTree = "<group>"; fileEncoding = 4; lastKnownFileType = sourcecode.c.h; explicitFileType = undefined; includeInIndex = 0; };
		DBC438FF8B0541BEB2FBEBDC /* ioapi.h */ = {isa = PBXFileReference; name = "ioapi.h"; path = "ionic-plugin-deploy/ioapi.h"; sourceTree = "<group>"; fileEncoding = 4; lastKnownFileType = sourcecode.c.h; explicitFileType = undefined; includeInIndex = 0; };
		A52E88B7F14A489093CB8F62 /* unzip.h */ = {isa = PBXFileReference; name = "unzip.h"; path = "ionic-plugin-deploy/unzip.h"; sourceTree = "<group>"; fileEncoding = 4; lastKnownFileType = sourcecode.c.h; explicitFileType = undefined; includeInIndex = 0; };
		9C467CD34D1D4B16B8212BA5 /* zip.h */ = {isa = PBXFileReference; name = "zip.h"; path = "ionic-plugin-deploy/zip.h"; sourceTree = "<group>"; fileEncoding = 4; lastKnownFileType = sourcecode.c.h; explicitFileType = undefined; includeInIndex = 0; };
		F0F158A9A1044779B5D2FA33 /* crc32.h */ = {isa = PBXFileReference; name = "crc32.h"; path = "ionic-plugin-deploy/crc32.h"; sourceTree = "<group>"; fileEncoding = 4; lastKnownFileType = sourcecode.c.h; explicitFileType = undefined; includeInIndex = 0; };
		4FFC9127E8284D3BA9E30628 /* deflate.h */ = {isa = PBXFileReference; name = "deflate.h"; path = "ionic-plugin-deploy/deflate.h"; sourceTree = "<group>"; fileEncoding = 4; lastKnownFileType = sourcecode.c.h; explicitFileType = undefined; includeInIndex = 0; };
		46A8561CDD214C5BABCE0373 /* gzguts.h */ = {isa = PBXFileReference; name = "gzguts.h"; path = "ionic-plugin-deploy/gzguts.h"; sourceTree = "<group>"; fileEncoding = 4; lastKnownFileType = sourcecode.c.h; explicitFileType = undefined; includeInIndex = 0; };
		B5D6E1A2D11D46A89EF6F8D2 /* inffast.h */ = {isa = PBXFileReference; name = "inffast.h"; path = "ionic-plugin-deploy/inffast.h"; sourceTree = "<group>"; fileEncoding = 4; lastKnownFileType = sourcecode.c.h; explicitFileType = undefined; includeInIndex = 0; };
		5BED0919E1124F2EAAAAD7C4 /* inffixed.h */ = {isa = PBXFileReference; name = "inffixed.h"; path = "ionic-plugin-deploy/inffixed.h"; sourceTree = "<group>"; fileEncoding = 4; lastKnownFileType = sourcecode.c.h; explicitFileType = undefined; includeInIndex = 0; };
		D554EF80B433447C986E0937 /* inflate.h */ = {isa = PBXFileReference; name = "inflate.h"; path = "ionic-plugin-deploy/inflate.h"; sourceTree = "<group>"; fileEncoding = 4; lastKnownFileType = sourcecode.c.h; explicitFileType = undefined; includeInIndex = 0; };
		765BFE2007FB4AF2B4F024A7 /* inftrees.h */ = {isa = PBXFileReference; name = "inftrees.h"; path = "ionic-plugin-deploy/inftrees.h"; sourceTree = "<group>"; fileEncoding = 4; lastKnownFileType = sourcecode.c.h; explicitFileType = undefined; includeInIndex = 0; };
		1A6B57F7C7324C0A9934D7F6 /* trees.h */ = {isa = PBXFileReference; name = "trees.h"; path = "ionic-plugin-deploy/trees.h"; sourceTree = "<group>"; fileEncoding = 4; lastKnownFileType = sourcecode.c.h; explicitFileType = undefined; includeInIndex = 0; };
		183920A958824358B91637D1 /* zconf.h */ = {isa = PBXFileReference; name = "zconf.h"; path = "ionic-plugin-deploy/zconf.h"; sourceTree = "<group>"; fileEncoding = 4; lastKnownFileType = sourcecode.c.h; explicitFileType = undefined; includeInIndex = 0; };
		5141483F15924ACE869B9EF4 /* zlib.h */ = {isa = PBXFileReference; name = "zlib.h"; path = "ionic-plugin-deploy/zlib.h"; sourceTree = "<group>"; fileEncoding = 4; lastKnownFileType = sourcecode.c.h; explicitFileType = undefined; includeInIndex = 0; };
		5208383159174D3D806913B9 /* zutil.h */ = {isa = PBXFileReference; name = "zutil.h"; path = "ionic-plugin-deploy/zutil.h"; sourceTree = "<group>"; fileEncoding = 4; lastKnownFileType = sourcecode.c.h; explicitFileType = undefined; includeInIndex = 0; };
		7ED0D8A8A90D45DCBBECC9DD /* Base64.h */ = {isa = PBXFileReference; name = "Base64.h"; path = "ionic-plugin-deploy/Base64.h"; sourceTree = "<group>"; fileEncoding = 4; lastKnownFileType = sourcecode.c.h; explicitFileType = undefined; includeInIndex = 0; };
		FA0CC29573EE452EA4182DAC /* UNIHTTPClientHelper.h */ = {isa = PBXFileReference; name = "UNIHTTPClientHelper.h"; path = "ionic-plugin-deploy/UNIHTTPClientHelper.h"; sourceTree = "<group>"; fileEncoding = 4; lastKnownFileType = sourcecode.c.h; explicitFileType = undefined; includeInIndex = 0; };
		846F5C6C16104981857D2A6C /* UNIHTTPRequest.h */ = {isa = PBXFileReference; name = "UNIHTTPRequest.h"; path = "ionic-plugin-deploy/UNIHTTPRequest.h"; sourceTree = "<group>"; fileEncoding = 4; lastKnownFileType = sourcecode.c.h; explicitFileType = undefined; includeInIndex = 0; };
		2B10DBF4FF3842FB85CC78E9 /* UNIHTTPRequestWithBody.h */ = {isa = PBXFileReference; name = "UNIHTTPRequestWithBody.h"; path = "ionic-plugin-deploy/UNIHTTPRequestWithBody.h"; sourceTree = "<group>"; fileEncoding = 4; lastKnownFileType = sourcecode.c.h; explicitFileType = undefined; includeInIndex = 0; };
		E484EC5FD08C4B75A23603A4 /* Unirest-Prefix.pch */ = {isa = PBXFileReference; name = "Unirest-Prefix.pch"; path = "ionic-plugin-deploy/Unirest-Prefix.pch"; sourceTree = "<group>"; fileEncoding = 4; lastKnownFileType = sourcecode.c.h; explicitFileType = undefined; includeInIndex = 0; };
		D203509D231A46628005C02E /* UNIRest.h */ = {isa = PBXFileReference; name = "UNIRest.h"; path = "ionic-plugin-deploy/UNIRest.h"; sourceTree = "<group>"; fileEncoding = 4; lastKnownFileType = sourcecode.c.h; explicitFileType = undefined; includeInIndex = 0; };
		4F93BB6C2D7C4FFAAC94CD74 /* UNIUrlConnection.h */ = {isa = PBXFileReference; name = "UNIUrlConnection.h"; path = "ionic-plugin-deploy/UNIUrlConnection.h"; sourceTree = "<group>"; fileEncoding = 4; lastKnownFileType = sourcecode.c.h; explicitFileType = undefined; includeInIndex = 0; };
		EE9B505EC7F6458FB099E824 /* UNIBaseRequest.h */ = {isa = PBXFileReference; name = "UNIBaseRequest.h"; path = "ionic-plugin-deploy/UNIBaseRequest.h"; sourceTree = "<group>"; fileEncoding = 4; lastKnownFileType = sourcecode.c.h; explicitFileType = undefined; includeInIndex = 0; };
		6C63ACDABB424BF1BF7943DB /* UNIBodyRequest.h */ = {isa = PBXFileReference; name = "UNIBodyRequest.h"; path = "ionic-plugin-deploy/UNIBodyRequest.h"; sourceTree = "<group>"; fileEncoding = 4; lastKnownFileType = sourcecode.c.h; explicitFileType = undefined; includeInIndex = 0; };
		2040A7ACCB504BC59D435B3A /* UNISimpleRequest.h */ = {isa = PBXFileReference; name = "UNISimpleRequest.h"; path = "ionic-plugin-deploy/UNISimpleRequest.h"; sourceTree = "<group>"; fileEncoding = 4; lastKnownFileType = sourcecode.c.h; explicitFileType = undefined; includeInIndex = 0; };
		B09624053D3A481FAE822759 /* UNIHTTPBinaryResponse.h */ = {isa = PBXFileReference; name = "UNIHTTPBinaryResponse.h"; path = "ionic-plugin-deploy/UNIHTTPBinaryResponse.h"; sourceTree = "<group>"; fileEncoding = 4; lastKnownFileType = sourcecode.c.h; explicitFileType = undefined; includeInIndex = 0; };
		F790FE7A9E56493185717DC5 /* UNIHTTPJsonResponse.h */ = {isa = PBXFileReference; name = "UNIHTTPJsonResponse.h"; path = "ionic-plugin-deploy/UNIHTTPJsonResponse.h"; sourceTree = "<group>"; fileEncoding = 4; lastKnownFileType = sourcecode.c.h; explicitFileType = undefined; includeInIndex = 0; };
		CA45264588E24162A9B3E180 /* UNIHTTPResponse.h */ = {isa = PBXFileReference; name = "UNIHTTPResponse.h"; path = "ionic-plugin-deploy/UNIHTTPResponse.h"; sourceTree = "<group>"; fileEncoding = 4; lastKnownFileType = sourcecode.c.h; explicitFileType = undefined; includeInIndex = 0; };
		BBD809C08C6D410A8D9064C1 /* UNIHTTPStringResponse.h */ = {isa = PBXFileReference; name = "UNIHTTPStringResponse.h"; path = "ionic-plugin-deploy/UNIHTTPStringResponse.h"; sourceTree = "<group>"; fileEncoding = 4; lastKnownFileType = sourcecode.c.h; explicitFileType = undefined; includeInIndex = 0; };
		B0B17C9A350542AF9AD119BC /* UNIJsonNode.h */ = {isa = PBXFileReference; name = "UNIJsonNode.h"; path = "ionic-plugin-deploy/UNIJsonNode.h"; sourceTree = "<group>"; fileEncoding = 4; lastKnownFileType = sourcecode.c.h; explicitFileType = undefined; includeInIndex = 0; };
		4A521815B4C04D668F0DB58B /* IonicKeyboard.m */ = {isa = PBXFileReference; name = "IonicKeyboard.m"; path = "ionic-plugin-keyboard/IonicKeyboard.m"; sourceTree = "<group>"; fileEncoding = 4; lastKnownFileType = sourcecode.c.objc; explicitFileType = undefined; includeInIndex = 0; };
		0C535B2F0B414DFAA7EF3C2C /* IonicKeyboard.h */ = {isa = PBXFileReference; name = "IonicKeyboard.h"; path = "ionic-plugin-keyboard/IonicKeyboard.h"; sourceTree = "<group>"; fileEncoding = 4; lastKnownFileType = sourcecode.c.h; explicitFileType = undefined; includeInIndex = 0; };
/* End PBXFileReference section */

/* Begin PBXFrameworksBuildPhase section */
		1D60588F0D05DD3D006BFB54 /* Frameworks */ = {
			isa = PBXFrameworksBuildPhase;
			buildActionMask = 2147483647;
			files = (
				301BF552109A68D80062928A /* libCordova.a in Frameworks */,
			);
			runOnlyForDeploymentPostprocessing = 0;
		};
/* End PBXFrameworksBuildPhase section */

/* Begin PBXGroup section */
		080E96DDFE201D6D7F000001 /* Classes */ = {
			isa = PBXGroup;
			children = (
				302D95EE14D2391D003F00A1 /* MainViewController.h */,
				302D95EF14D2391D003F00A1 /* MainViewController.m */,
				302D95F014D2391D003F00A1 /* MainViewController.xib */,
				1D3623240D0F684500981E51 /* AppDelegate.h */,
				1D3623250D0F684500981E51 /* AppDelegate.m */,
			);
			name = Classes;
			path = "pick-app/Classes";
			sourceTree = SOURCE_ROOT;
		};
		19C28FACFE9D520D11CA2CBB /* Products */ = {
			isa = PBXGroup;
			children = (
				1D6058910D05DD3D006BFB54 /* pick-app.app */,
			);
			name = Products;
			sourceTree = "<group>";
		};
		29B97314FDCFA39411CA2CEA /* CustomTemplate */ = {
			isa = PBXGroup;
			children = (
				EB87FDF41871DAF40020F90C /* config.xml */,
				EB87FDF31871DA8E0020F90C /* www */,
				EB87FDF11871DA420020F90C /* Staging */,
				301BF52D109A57CC0062928A /* CordovaLib.xcodeproj */,
				080E96DDFE201D6D7F000001 /* Classes */,
				307C750510C5A3420062BCA9 /* Plugins */,
				29B97315FDCFA39411CA2CEA /* Other Sources */,
				29B97317FDCFA39411CA2CEA /* Resources */,
				29B97323FDCFA39411CA2CEA /* Frameworks */,
				19C28FACFE9D520D11CA2CBB /* Products */,
			);
			name = CustomTemplate;
			sourceTree = "<group>";
		};
		29B97315FDCFA39411CA2CEA /* Other Sources */ = {
			isa = PBXGroup;
			children = (
				32CA4F630368D1EE00C91783 /* pick-app-Prefix.pch */,
				29B97316FDCFA39411CA2CEA /* main.m */,
				ED33DF2A687741AEAF9F8254 /* Bridging-Header.h */,
			);
			name = "Other Sources";
			path = "pick-app";
			sourceTree = "<group>";
		};
		29B97317FDCFA39411CA2CEA /* Resources */ = {
			isa = PBXGroup;
			children = (
				0207DA571B56EA530066E2B4 /* Images.xcassets */,
				3047A50E1AB8057F00498E2A /* config */,
				8D1107310486CEB800E47090 /* pick-app-Info.plist */,
			);
			name = Resources;
			path = "pick-app/Resources";
			sourceTree = "<group>";
		};
		29B97323FDCFA39411CA2CEA /* Frameworks */ = {
			isa = PBXGroup;
			children = (
			);
			name = Frameworks;
			sourceTree = "<group>";
		};
		301BF52E109A57CC0062928A /* Products */ = {
			isa = PBXGroup;
			children = (
				301BF535109A57CC0062928A /* libCordova.a */,
			);
			name = Products;
			sourceTree = "<group>";
		};
		3047A50E1AB8057F00498E2A /* config */ = {
			isa = PBXGroup;
			children = (
				3047A50F1AB8059700498E2A /* build-debug.xcconfig */,
				3047A5101AB8059700498E2A /* build-release.xcconfig */,
				3047A5111AB8059700498E2A /* build.xcconfig */,
			);
			name = config;
			sourceTree = "<group>";
		};
		307C750510C5A3420062BCA9 /* Plugins */ = {
			isa = PBXGroup;
			children = (
				154ECD7F45AA4FCDAF5BA83B /* CDVLogger.m */,
				BDD4E66365D8442BAAC1CA50 /* CDVLogger.h */,
				D45979BF1E57406B90482165 /* CDVDevice.m */,
				2EC6189FD8774014972995D5 /* CDVDevice.h */,
				4AAF34A2142F446EAAAA44E7 /* CDVInAppBrowser.m */,
				8DAAF84397844E26BA04B2CE /* CDVInAppBrowser.h */,
				2E90C2DB49B74421A29C85AF /* CDVSplashScreen.m */,
				5EBFBF91AEE14469BDEA8907 /* CDVViewController+SplashScreen.m */,
				1B974186D0AE4E1297E1722B /* CDVSplashScreen.h */,
				F5C64A357175474593AF3FCC /* CDVViewController+SplashScreen.h */,
				36757953E4794ED396959105 /* CDVStatusBar.m */,
				744B6AF47D5C4584A063E6E0 /* CDVStatusBar.h */,
				6A77FBBA0596473C943137F1 /* IonicConstant.m */,
				DF4273B1D0AB440CB7F2CB2F /* IonicDeploy.m */,
				0CAD8F2532CF41828517582B /* Download.m */,
				4AC3FDEEF64647FC9E17124D /* DownloadManager.m */,
				6CE4945BD115400C8E2E4AFD /* SSZipArchive.m */,
				8595860A1A9A441785D2DC98 /* ioapi.c */,
				F103D3C9089F44D9AA5D4B49 /* unzip.c */,
				A07134CFA289434F9A43DC67 /* zip.c */,
				4A754BE4EB10488799F44062 /* adler32.c */,
				004DD5FD07EF4F878CB10EA5 /* compress.c */,
				556D272B09B04E12858D2E1A /* crc32.c */,
				07037ADBADD3459D866159B7 /* deflate.c */,
				3815D1982D18418D847CF37B /* gzclose.c */,
				AAF454609F3E4498BBAC293C /* gzlib.c */,
				77D7D27CEECC41CC8634A8AE /* gzread.c */,
				EB4259FF0B3049C9A5B88298 /* gzwrite.c */,
				D7521177B15F4124B2DC3A4C /* infback.c */,
				AF393C47F3C04E3AB494D4CF /* inffast.c */,
				DE704B1F9E6B4476829D8E5E /* inflate.c */,
				E541C66BCBE44002A9F3665E /* inftrees.c */,
				8F4B8B9B24684039B2C3637D /* trees.c */,
				2D34282CDC2D459A9257C246 /* uncompr.c */,
				6B2C1058B0E3480DA875646B /* zutil.c */,
				FDB91F0AD84E4E6EB54C5FAB /* Base64.m */,
				57A2C24036B44BB1B94E5141 /* UNIHTTPClientHelper.m */,
				0017460FD4364B3895A35217 /* UNIHTTPRequest.m */,
				A8189DE8DE8F4A5E827306F3 /* UNIHTTPRequestWithBody.m */,
				521DEE0A52884F0486844794 /* UNIRest.m */,
				9CC93B0DE7CD4B5887F752B5 /* UNIUrlConnection.m */,
				4BDC09BA03494E20B3728DCB /* UNIBaseRequest.m */,
				932F5B41518343C7AB2ED07C /* UNIBodyRequest.m */,
				C3C035F26C864C86BFB4093E /* UNISimpleRequest.m */,
				B8B8B83DFC6B42068EA2E079 /* UNIHTTPBinaryResponse.m */,
				1C3E05A7BD04410EB034DFE8 /* UNIHTTPJsonResponse.m */,
				9DDF7713F3874897B330861D /* UNIHTTPResponse.m */,
				C376B395F8A4408FA8CBB98B /* UNIHTTPStringResponse.m */,
				F27CE9827C1C43CC867A88BE /* UNIJsonNode.m */,
				CD7D7D4A0AAC4E4C80E40DC8 /* IonicConstant.h */,
				BA979232F5B04B6DB60808B6 /* IonicDeploy.h */,
				5F7F9FF2B5C34D6283A8F4CB /* Download.h */,
				B46E0979A8F448D3AA9F25E5 /* DownloadManager.h */,
				84087134832A409D9D36D368 /* SSZipArchive.h */,
				00284159970E462C9847AF47 /* ARCHelper.h */,
				7258DDB721D548D0BAFF9E50 /* crypt.h */,
				DBC438FF8B0541BEB2FBEBDC /* ioapi.h */,
				A52E88B7F14A489093CB8F62 /* unzip.h */,
				9C467CD34D1D4B16B8212BA5 /* zip.h */,
				F0F158A9A1044779B5D2FA33 /* crc32.h */,
				4FFC9127E8284D3BA9E30628 /* deflate.h */,
				46A8561CDD214C5BABCE0373 /* gzguts.h */,
				B5D6E1A2D11D46A89EF6F8D2 /* inffast.h */,
				5BED0919E1124F2EAAAAD7C4 /* inffixed.h */,
				D554EF80B433447C986E0937 /* inflate.h */,
				765BFE2007FB4AF2B4F024A7 /* inftrees.h */,
				1A6B57F7C7324C0A9934D7F6 /* trees.h */,
				183920A958824358B91637D1 /* zconf.h */,
				5141483F15924ACE869B9EF4 /* zlib.h */,
				5208383159174D3D806913B9 /* zutil.h */,
				7ED0D8A8A90D45DCBBECC9DD /* Base64.h */,
				FA0CC29573EE452EA4182DAC /* UNIHTTPClientHelper.h */,
				846F5C6C16104981857D2A6C /* UNIHTTPRequest.h */,
				2B10DBF4FF3842FB85CC78E9 /* UNIHTTPRequestWithBody.h */,
				E484EC5FD08C4B75A23603A4 /* Unirest-Prefix.pch */,
				D203509D231A46628005C02E /* UNIRest.h */,
				4F93BB6C2D7C4FFAAC94CD74 /* UNIUrlConnection.h */,
				EE9B505EC7F6458FB099E824 /* UNIBaseRequest.h */,
				6C63ACDABB424BF1BF7943DB /* UNIBodyRequest.h */,
				2040A7ACCB504BC59D435B3A /* UNISimpleRequest.h */,
				B09624053D3A481FAE822759 /* UNIHTTPBinaryResponse.h */,
				F790FE7A9E56493185717DC5 /* UNIHTTPJsonResponse.h */,
				CA45264588E24162A9B3E180 /* UNIHTTPResponse.h */,
				BBD809C08C6D410A8D9064C1 /* UNIHTTPStringResponse.h */,
				B0B17C9A350542AF9AD119BC /* UNIJsonNode.h */,
				4A521815B4C04D668F0DB58B /* IonicKeyboard.m */,
				0C535B2F0B414DFAA7EF3C2C /* IonicKeyboard.h */,
			);
			name = Plugins;
			path = "pick-app/Plugins";
			sourceTree = SOURCE_ROOT;
		};
		EB87FDF11871DA420020F90C /* Staging */ = {
			isa = PBXGroup;
			children = (
				F840E1F0165FE0F500CFE078 /* config.xml */,
				301BF56E109A69640062928A /* www */,
			);
			name = Staging;
			sourceTree = "<group>";
		};
/* End PBXGroup section */

/* Begin PBXNativeTarget section */
		1D6058900D05DD3D006BFB54 /* pick-app */ = {
			isa = PBXNativeTarget;
			buildConfigurationList = 1D6058960D05DD3E006BFB54 /* Build configuration list for PBXNativeTarget "pick-app" */;
			buildPhases = (
				304B58A110DAC018002A0835 /* Copy www directory */,
				1D60588D0D05DD3D006BFB54 /* Resources */,
				1D60588E0D05DD3D006BFB54 /* Sources */,
				1D60588F0D05DD3D006BFB54 /* Frameworks */,
			);
			buildRules = (
			);
			dependencies = (
				301BF551109A68C00062928A /* PBXTargetDependency */,
			);
			name = "pick-app";
			productName = "pick-app";
			productReference = 1D6058910D05DD3D006BFB54 /* pick-app.app */;
			productType = "com.apple.product-type.application";
		};
/* End PBXNativeTarget section */

/* Begin PBXProject section */
		29B97313FDCFA39411CA2CEA /* Project object */ = {
			isa = PBXProject;
			attributes = {
				LastUpgradeCheck = 510;
			};
			buildConfigurationList = C01FCF4E08A954540054247B /* Build configuration list for PBXProject "__NON-CLI__" */;
			compatibilityVersion = "Xcode 3.2";
			developmentRegion = English;
			hasScannedForEncodings = 1;
			mainGroup = 29B97314FDCFA39411CA2CEA /* CustomTemplate */;
			projectDirPath = "";
			projectReferences = (
				{
					ProductGroup = 301BF52E109A57CC0062928A /* Products */;
					ProjectRef = 301BF52D109A57CC0062928A /* CordovaLib.xcodeproj */;
				},
			);
			projectRoot = "";
			targets = (
				1D6058900D05DD3D006BFB54 /* pick-app */,
			);
		};
/* End PBXProject section */

/* Begin PBXReferenceProxy section */
		301BF535109A57CC0062928A /* libCordova.a */ = {
			isa = PBXReferenceProxy;
			fileType = archive.ar;
			path = libCordova.a;
			remoteRef = 301BF534109A57CC0062928A /* PBXContainerItemProxy */;
			sourceTree = BUILT_PRODUCTS_DIR;
		};
/* End PBXReferenceProxy section */

/* Begin PBXResourcesBuildPhase section */
		1D60588D0D05DD3D006BFB54 /* Resources */ = {
			isa = PBXResourcesBuildPhase;
			buildActionMask = 2147483647;
			files = (
				302D95F214D2391D003F00A1 /* MainViewController.xib in Resources */,
				3047A5131AB8059700498E2A /* build-release.xcconfig in Resources */,
				3047A5141AB8059700498E2A /* build.xcconfig in Resources */,
				0207DA581B56EA530066E2B4 /* Images.xcassets in Resources */,
				3047A5121AB8059700498E2A /* build-debug.xcconfig in Resources */,
			);
			runOnlyForDeploymentPostprocessing = 0;
		};
/* End PBXResourcesBuildPhase section */

/* Begin PBXShellScriptBuildPhase section */
		304B58A110DAC018002A0835 /* Copy www directory */ = {
			isa = PBXShellScriptBuildPhase;
			buildActionMask = 2147483647;
			files = (
			);
			inputPaths = (
			);
			name = "Copy www directory";
			outputPaths = (
			);
			runOnlyForDeploymentPostprocessing = 0;
			shellPath = /bin/sh;
			shellScript = "NODEJS_PATH=/usr/local/bin; NVM_NODE_PATH=~/.nvm/versions/node/`nvm version 2>/dev/null`/bin; N_NODE_PATH=`find /usr/local/n/versions/node/* -maxdepth 0 -type d 2>/dev/null | tail -1`/bin; XCODE_NODE_PATH=`xcode-select --print-path`/usr/share/xcs/Node/bin; PATH=$NODEJS_PATH:$NVM_NODE_PATH:$N_NODE_PATH:$XCODE_NODE_PATH:$PATH && node cordova/lib/copy-www-build-step.js";
			showEnvVarsInLog = 0;
		};
/* End PBXShellScriptBuildPhase section */

/* Begin PBXSourcesBuildPhase section */
		1D60588E0D05DD3D006BFB54 /* Sources */ = {
			isa = PBXSourcesBuildPhase;
			buildActionMask = 2147483647;
			files = (
				1D60589B0D05DD56006BFB54 /* main.m in Sources */,
				1D3623260D0F684500981E51 /* AppDelegate.m in Sources */,
				302D95F114D2391D003F00A1 /* MainViewController.m in Sources */,
				90EC731652C04F20B5FA2A6B /* CDVLogger.m in Sources */,
				7FFE652F7E374B699AFD511B /* CDVDevice.m in Sources */,
				BA6F99F755F045BB882342ED /* CDVInAppBrowser.m in Sources */,
				B3E1BA1E61BD47EC9FACEA05 /* CDVSplashScreen.m in Sources */,
				17A732BFDFA74A96BCD2F917 /* CDVViewController+SplashScreen.m in Sources */,
				0848B6221A0B4F44A278A13B /* CDVStatusBar.m in Sources */,
				D54780B0903C4B5F859198B8 /* IonicConstant.m in Sources */,
				B89E0938DF6D41DEB7A3A6FF /* IonicDeploy.m in Sources */,
				D2E5DB60241B4EAC8EE9E42E /* Download.m in Sources */,
				5B8922FDB890453FB69F2C24 /* DownloadManager.m in Sources */,
				75D2F70098AE4419974DCF8F /* SSZipArchive.m in Sources */,
				3C2F0D7ACC1E4C42A2067695 /* ioapi.c in Resources */,
				C3D8CA6528504AAF8408E5D9 /* unzip.c in Resources */,
				69B0FC0E143E47499FC51873 /* zip.c in Resources */,
				507FD8154CFE4788A5BEFEBE /* adler32.c in Resources */,
				371F728726EA4B27A822FCA7 /* compress.c in Resources */,
				860D622AEC824123B72CA814 /* crc32.c in Resources */,
				9A50A7E2356C4685A5ABBC1E /* deflate.c in Resources */,
				11D9B0A93A0B445D824C7A7A /* gzclose.c in Resources */,
				EE98052A232F41B0A67893B0 /* gzlib.c in Resources */,
				BBC9C3AA2DC14789B7A45A50 /* gzread.c in Resources */,
				78ECCAB43CB740779E4B594F /* gzwrite.c in Resources */,
				709B406D2D00438F815F96DC /* infback.c in Resources */,
				BBB87BF4D86C4404AFC81825 /* inffast.c in Resources */,
				BFE754823833436F9A3F24CE /* inflate.c in Resources */,
				7E3C25E7254B43959D261929 /* inftrees.c in Resources */,
				9634CA8D246E413FA52BD721 /* trees.c in Resources */,
				ED8E1ED991EE418D8904D0ED /* uncompr.c in Resources */,
				AA36C5F25D524D139C95A92B /* zutil.c in Resources */,
				EB179E608B0D41598FE0BA68 /* Base64.m in Sources */,
				7358A1BC88B2427F967C12D6 /* UNIHTTPClientHelper.m in Sources */,
				318BEE626BF04885935E6E8E /* UNIHTTPRequest.m in Sources */,
				24DC21C9DE564C0C9F68EA45 /* UNIHTTPRequestWithBody.m in Sources */,
				F85EB36F2AAB4D74AF0F282A /* UNIRest.m in Sources */,
				AEBD1CFFC8DA415EB3033B89 /* UNIUrlConnection.m in Sources */,
				AFCA737341FF4760AA7DD435 /* UNIBaseRequest.m in Sources */,
				2EBEF63C89F44DBD9EE15823 /* UNIBodyRequest.m in Sources */,
				D62EEE6EF8E54D6CBF5FB8CA /* UNISimpleRequest.m in Sources */,
				634F5861DFE5407289C9AA0F /* UNIHTTPBinaryResponse.m in Sources */,
				5CCBA4D34873407BBA45D590 /* UNIHTTPJsonResponse.m in Sources */,
				02EF6A017271463385C398AA /* UNIHTTPResponse.m in Sources */,
				E4460EDA24A94F01BB5C691F /* UNIHTTPStringResponse.m in Sources */,
				E7124BD020DD45F3AEA270A8 /* UNIJsonNode.m in Sources */,
				FAED0F6893F64081B8BF3609 /* IonicKeyboard.m in Sources */,
			);
			runOnlyForDeploymentPostprocessing = 0;
		};
/* End PBXSourcesBuildPhase section */

/* Begin PBXTargetDependency section */
		301BF551109A68C00062928A /* PBXTargetDependency */ = {
			isa = PBXTargetDependency;
			name = CordovaLib;
			targetProxy = 301BF550109A68C00062928A /* PBXContainerItemProxy */;
		};
/* End PBXTargetDependency section */

/* Begin XCBuildConfiguration section */
		1D6058940D05DD3E006BFB54 /* Debug */ = {
			isa = XCBuildConfiguration;
			baseConfigurationReference = 3047A50F1AB8059700498E2A /* build-debug.xcconfig */;
			buildSettings = {
				ALWAYS_SEARCH_USER_PATHS = NO;
				ASSETCATALOG_COMPILER_APPICON_NAME = AppIcon;
				ASSETCATALOG_COMPILER_LAUNCHIMAGE_NAME = LaunchImage;
				CLANG_ENABLE_MODULES = YES;
				CLANG_ENABLE_OBJC_ARC = YES;
				COPY_PHASE_STRIP = NO;
				GCC_DYNAMIC_NO_PIC = NO;
				GCC_OPTIMIZATION_LEVEL = 0;
				GCC_PRECOMPILE_PREFIX_HEADER = YES;
				GCC_PREFIX_HEADER = "pick-app/pick-app-Prefix.pch";
				GCC_THUMB_SUPPORT = NO;
				GCC_VERSION = "";
				INFOPLIST_FILE = "pick-app/pick-app-Info.plist";
				LD_RUNPATH_SEARCH_PATHS = "@executable_path/Frameworks";
				PRODUCT_NAME = "pick-app";
			};
			name = Debug;
		};
		1D6058950D05DD3E006BFB54 /* Release */ = {
			isa = XCBuildConfiguration;
			baseConfigurationReference = 3047A5101AB8059700498E2A /* build-release.xcconfig */;
			buildSettings = {
				ALWAYS_SEARCH_USER_PATHS = NO;
				ASSETCATALOG_COMPILER_APPICON_NAME = AppIcon;
				ASSETCATALOG_COMPILER_LAUNCHIMAGE_NAME = LaunchImage;
				CLANG_ENABLE_MODULES = YES;
				CLANG_ENABLE_OBJC_ARC = YES;
				COPY_PHASE_STRIP = YES;
				GCC_PRECOMPILE_PREFIX_HEADER = YES;
				GCC_PREFIX_HEADER = "pick-app/pick-app-Prefix.pch";
				GCC_THUMB_SUPPORT = NO;
				GCC_VERSION = "";
				INFOPLIST_FILE = "pick-app/pick-app-Info.plist";
				PRODUCT_NAME = "pick-app";
			};
			name = Release;
		};
		C01FCF4F08A954540054247B /* Debug */ = {
			isa = XCBuildConfiguration;
			baseConfigurationReference = 3047A5111AB8059700498E2A /* build.xcconfig */;
			buildSettings = {
				CLANG_ENABLE_MODULES = YES;
				CLANG_ENABLE_OBJC_ARC = YES;
				CLANG_WARN_BOOL_CONVERSION = YES;
				CLANG_WARN_CONSTANT_CONVERSION = YES;
				CLANG_WARN_EMPTY_BODY = YES;
				CLANG_WARN_ENUM_CONVERSION = YES;
				CLANG_WARN_INT_CONVERSION = YES;
				CLANG_WARN__DUPLICATE_METHOD_MATCH = YES;
				GCC_C_LANGUAGE_STANDARD = c99;
				GCC_THUMB_SUPPORT = NO;
				GCC_VERSION = "";
				GCC_WARN_ABOUT_RETURN_TYPE = YES;
				GCC_WARN_UNDECLARED_SELECTOR = YES;
				GCC_WARN_UNINITIALIZED_AUTOS = YES;
				GCC_WARN_UNUSED_FUNCTION = YES;
				GCC_WARN_UNUSED_VARIABLE = YES;
				ONLY_ACTIVE_ARCH = YES;
				SDKROOT = iphoneos;
				SKIP_INSTALL = NO;
			};
			name = Debug;
		};
		C01FCF5008A954540054247B /* Release */ = {
			isa = XCBuildConfiguration;
			baseConfigurationReference = 3047A5111AB8059700498E2A /* build.xcconfig */;
			buildSettings = {
				CLANG_ENABLE_MODULES = YES;
				CLANG_ENABLE_OBJC_ARC = YES;
				CLANG_WARN_BOOL_CONVERSION = YES;
				CLANG_WARN_CONSTANT_CONVERSION = YES;
				CLANG_WARN_EMPTY_BODY = YES;
				CLANG_WARN_ENUM_CONVERSION = YES;
				CLANG_WARN_INT_CONVERSION = YES;
				CLANG_WARN__DUPLICATE_METHOD_MATCH = YES;
				GCC_C_LANGUAGE_STANDARD = c99;
				GCC_THUMB_SUPPORT = NO;
				GCC_VERSION = "";
				GCC_WARN_ABOUT_RETURN_TYPE = YES;
				GCC_WARN_UNDECLARED_SELECTOR = YES;
				GCC_WARN_UNINITIALIZED_AUTOS = YES;
				GCC_WARN_UNUSED_FUNCTION = YES;
				GCC_WARN_UNUSED_VARIABLE = YES;
				SDKROOT = iphoneos;
				SKIP_INSTALL = NO;
			};
			name = Release;
		};
/* End XCBuildConfiguration section */

/* Begin XCConfigurationList section */
		1D6058960D05DD3E006BFB54 /* Build configuration list for PBXNativeTarget "pick-app" */ = {
			isa = XCConfigurationList;
			buildConfigurations = (
				1D6058940D05DD3E006BFB54 /* Debug */,
				1D6058950D05DD3E006BFB54 /* Release */,
			);
			defaultConfigurationIsVisible = 0;
			defaultConfigurationName = Release;
		};
		C01FCF4E08A954540054247B /* Build configuration list for PBXProject "__NON-CLI__" */ = {
			isa = XCConfigurationList;
			buildConfigurations = (
				C01FCF4F08A954540054247B /* Debug */,
				C01FCF5008A954540054247B /* Release */,
			);
			defaultConfigurationIsVisible = 0;
			defaultConfigurationName = Release;
		};
/* End XCConfigurationList section */
	};
	rootObject = 29B97313FDCFA39411CA2CEA /* Project object */;
}
