// !$*UTF8*$!
{
	archiveVersion = 1;
	classes = {
	};
	objectVersion = 46;
	objects = {
/* Begin PBXBuildFile section */
		0207DA581B56EA530066E2B4 /* Images.xcassets in Resources */ = {isa = PBXBuildFile; fileRef = 0207DA571B56EA530066E2B4 /* Images.xcassets */; };
		1D3623260D0F684500981E51 /* AppDelegate.m in Sources */ = {isa = PBXBuildFile; fileRef = 1D3623250D0F684500981E51 /* AppDelegate.m */; };
		1D60589B0D05DD56006BFB54 /* main.m in Sources */ = {isa = PBXBuildFile; fileRef = 29B97316FDCFA39411CA2CEA /* main.m */; };
		301BF552109A68D80062928A /* libCordova.a in Frameworks */ = {isa = PBXBuildFile; fileRef = 301BF535109A57CC0062928A /* libCordova.a */; };
		302D95F114D2391D003F00A1 /* MainViewController.m in Sources */ = {isa = PBXBuildFile; fileRef = 302D95EF14D2391D003F00A1 /* MainViewController.m */; };
		302D95F214D2391D003F00A1 /* MainViewController.xib in Resources */ = {isa = PBXBuildFile; fileRef = 302D95F014D2391D003F00A1 /* MainViewController.xib */; };
		3047A5121AB8059700498E2A /* build-debug.xcconfig in Resources */ = {isa = PBXBuildFile; fileRef = 3047A50F1AB8059700498E2A /* build-debug.xcconfig */; };
		3047A5131AB8059700498E2A /* build-release.xcconfig in Resources */ = {isa = PBXBuildFile; fileRef = 3047A5101AB8059700498E2A /* build-release.xcconfig */; };
		3047A5141AB8059700498E2A /* build.xcconfig in Resources */ = {isa = PBXBuildFile; fileRef = 3047A5111AB8059700498E2A /* build.xcconfig */; };
		7A19FF153A604257BD70DB0D /* CDVLogger.m in Sources */ = {isa = PBXBuildFile; fileRef = 514A33B4E0DA4BF08C15ECB7 /* CDVLogger.m */; };
		6C5BE3EF39CD4123A4E734B1 /* CDVDevice.m in Sources */ = {isa = PBXBuildFile; fileRef = 4D6397BBB6384F40B54A788E /* CDVDevice.m */; };
		933406708C924881838E8A2D /* CDVSplashScreen.m in Sources */ = {isa = PBXBuildFile; fileRef = EEE67AA3142F42A1B8FF86A2 /* CDVSplashScreen.m */; };
		F1E935FB86594C0E9A85D711 /* CDVViewController+SplashScreen.m in Sources */ = {isa = PBXBuildFile; fileRef = BC90594BE7DA4362A8F0C53C /* CDVViewController+SplashScreen.m */; };
		DD5CB543A0FA4896BBA27192 /* CDVStatusBar.m in Sources */ = {isa = PBXBuildFile; fileRef = 23CD754A70844C78AB7DDCF2 /* CDVStatusBar.m */; };
		C0CA107B1B8B458590DB8F7A /* IonicKeyboard.m in Sources */ = {isa = PBXBuildFile; fileRef = 80C53E4A5C4A4844B91C7F3E /* IonicKeyboard.m */; };
		C1803D421C344E8F9C8CA18E /* CDVInAppBrowser.m in Sources */ = {isa = PBXBuildFile; fileRef = B0BD8A8AE1CC42F0A6C0647B /* CDVInAppBrowser.m */; };
		B897B38B62A54B84A51F3D02 /* IonicConstant.m in Sources */ = {isa = PBXBuildFile; fileRef = 642C963E0F0946BB8126F242 /* IonicConstant.m */; };
		F75281B7A52D4898A2C90E9E /* IonicDeploy.m in Sources */ = {isa = PBXBuildFile; fileRef = 8ACE74174FEB4F09A3572A47 /* IonicDeploy.m */; };
		C853EE437EC3461AB2496807 /* Download.m in Sources */ = {isa = PBXBuildFile; fileRef = F9261E55409B47318B8895DD /* Download.m */; };
		EAAE92D100A143ABBAA00F77 /* DownloadManager.m in Sources */ = {isa = PBXBuildFile; fileRef = 0300D69254B84286863336A1 /* DownloadManager.m */; };
		34B65130283E425C83665622 /* SSZipArchive.m in Sources */ = {isa = PBXBuildFile; fileRef = 820C5C41E4B94813A26EC4DE /* SSZipArchive.m */; };
		34AB0B73871A4D4296ADE76A /* ioapi.c in Resources */ = {isa = PBXBuildFile; fileRef = EAD16AE1AA904D71850D4C75 /* ioapi.c */; };
		F701C640F8944EF9BDFE8B04 /* unzip.c in Resources */ = {isa = PBXBuildFile; fileRef = 52F1A7FE36494B8DAEE6A9B6 /* unzip.c */; };
		04448ACD65014CF19DB3CA3F /* zip.c in Resources */ = {isa = PBXBuildFile; fileRef = 6755DB4FB9C44563A8283C66 /* zip.c */; };
		B3BD47390B944DF2BFE34EF3 /* adler32.c in Resources */ = {isa = PBXBuildFile; fileRef = 70CDEA4CD4A744E8AD14A8DF /* adler32.c */; };
		9A72899A257046CAADE45B8A /* compress.c in Resources */ = {isa = PBXBuildFile; fileRef = 44C5B8899E8A4C618B6E4794 /* compress.c */; };
		F8848D2464FA49688B294965 /* crc32.c in Resources */ = {isa = PBXBuildFile; fileRef = F52C1E775D034B748088EE7F /* crc32.c */; };
		3E8C5B581CDF4A0CB6F269B7 /* deflate.c in Resources */ = {isa = PBXBuildFile; fileRef = 26233DB3B49246798A03985E /* deflate.c */; };
		E1D6151C9BCB4619A8661A82 /* gzclose.c in Resources */ = {isa = PBXBuildFile; fileRef = 4AA8BFB390C5443BB4062C01 /* gzclose.c */; };
		661A1672E5194FB79E5A4472 /* gzlib.c in Resources */ = {isa = PBXBuildFile; fileRef = 3B9A56F7E1844EDBA7F286B7 /* gzlib.c */; };
		5DE8561FE4AD49CC84A89845 /* gzread.c in Resources */ = {isa = PBXBuildFile; fileRef = E95CC2A3E3814552912B01AE /* gzread.c */; };
		C95227E8C74A4CF5B7145E37 /* gzwrite.c in Resources */ = {isa = PBXBuildFile; fileRef = 54759DE5B4C748D994BCA299 /* gzwrite.c */; };
		115F706177544C2AAEDADE49 /* infback.c in Resources */ = {isa = PBXBuildFile; fileRef = B84891B88E344470BBC9A68C /* infback.c */; };
		D99D3EF48BBC4A0E886EF9E7 /* inffast.c in Resources */ = {isa = PBXBuildFile; fileRef = 99983BCECA41456F83DC4E68 /* inffast.c */; };
		D4B4913A638E480EAE49DE54 /* inflate.c in Resources */ = {isa = PBXBuildFile; fileRef = 0AC150CC0F5644E8B5FF9449 /* inflate.c */; };
		525C01439EE74AB4A17D7EE3 /* inftrees.c in Resources */ = {isa = PBXBuildFile; fileRef = 14B0F896EAE2446F816B2EF4 /* inftrees.c */; };
		07AA12FEA5C84B6BB4737DAB /* trees.c in Resources */ = {isa = PBXBuildFile; fileRef = 39DC1BB2A19A4098877255F2 /* trees.c */; };
		43B3AD1EC3D24E3E80D919C3 /* uncompr.c in Resources */ = {isa = PBXBuildFile; fileRef = 8F53885B17584FA0A7240EBA /* uncompr.c */; };
		33AE79DE71CC4847833B4444 /* zutil.c in Resources */ = {isa = PBXBuildFile; fileRef = 9CCC6B134AED4457B745D937 /* zutil.c */; };
		23307DFA389C4DB38A7EAE43 /* Base64.m in Sources */ = {isa = PBXBuildFile; fileRef = 77FC001E64E84FB7B3449E75 /* Base64.m */; };
		B7D8875B07DE44A68A151BF1 /* UNIHTTPClientHelper.m in Sources */ = {isa = PBXBuildFile; fileRef = 066B73DD4CE94F4BA9AD12BB /* UNIHTTPClientHelper.m */; };
		7A6659DE249E4AE795F0A576 /* UNIHTTPRequest.m in Sources */ = {isa = PBXBuildFile; fileRef = 144184F73A034ED1A504BE8D /* UNIHTTPRequest.m */; };
		859067C571E540649C0C0A9A /* UNIHTTPRequestWithBody.m in Sources */ = {isa = PBXBuildFile; fileRef = 8104DCF916B04F9C820F24B9 /* UNIHTTPRequestWithBody.m */; };
		4A6E779A6D7D440E83F5A711 /* UNIRest.m in Sources */ = {isa = PBXBuildFile; fileRef = 9C917FEC819C4C5F86D49A92 /* UNIRest.m */; };
		3AB4E539C0C7413B821442F7 /* UNIUrlConnection.m in Sources */ = {isa = PBXBuildFile; fileRef = 130602AA4BDA46BB8FAE4FDB /* UNIUrlConnection.m */; };
		4F2E0A4E0F0B4C32A2B9EDD3 /* UNIBaseRequest.m in Sources */ = {isa = PBXBuildFile; fileRef = 4273D6C9F9A94336B8B4A56A /* UNIBaseRequest.m */; };
		9FDB0BD300EA4ED3A675A832 /* UNIBodyRequest.m in Sources */ = {isa = PBXBuildFile; fileRef = 66699F47A76E46AC92BAE1A5 /* UNIBodyRequest.m */; };
		BE77AF0B51A747B3BA514FB5 /* UNISimpleRequest.m in Sources */ = {isa = PBXBuildFile; fileRef = 700FBF779B77457AAA5FF09B /* UNISimpleRequest.m */; };
		F27F4C93A15242A598F2A4C3 /* UNIHTTPBinaryResponse.m in Sources */ = {isa = PBXBuildFile; fileRef = 02B20A2B00D14278905CE9D8 /* UNIHTTPBinaryResponse.m */; };
		9153DBADE7CA434EAC2CA235 /* UNIHTTPJsonResponse.m in Sources */ = {isa = PBXBuildFile; fileRef = C0606B3F80F34DDDB896CD44 /* UNIHTTPJsonResponse.m */; };
		91A81F54231B49F2B8261FBA /* UNIHTTPResponse.m in Sources */ = {isa = PBXBuildFile; fileRef = FF2569842DCE44CAA6EB2C04 /* UNIHTTPResponse.m */; };
		0D52B1520C5142FFBCB5722F /* UNIHTTPStringResponse.m in Sources */ = {isa = PBXBuildFile; fileRef = CCEB67DAB7CC4A93BDEC4BF1 /* UNIHTTPStringResponse.m */; };
		F0B615B97744498BB2FF950D /* UNIJsonNode.m in Sources */ = {isa = PBXBuildFile; fileRef = CB6EFFA199D44A9AB4B9C67B /* UNIJsonNode.m */; };
/* End PBXBuildFile section */

/* Begin PBXContainerItemProxy section */
		301BF534109A57CC0062928A /* PBXContainerItemProxy */ = {
			isa = PBXContainerItemProxy;
			containerPortal = 301BF52D109A57CC0062928A /* CordovaLib.xcodeproj */;
			proxyType = 2;
			remoteGlobalIDString = D2AAC07E0554694100DB518D;
			remoteInfo = CordovaLib;
		};
		301BF550109A68C00062928A /* PBXContainerItemProxy */ = {
			isa = PBXContainerItemProxy;
			containerPortal = 301BF52D109A57CC0062928A /* CordovaLib.xcodeproj */;
			proxyType = 1;
			remoteGlobalIDString = D2AAC07D0554694100DB518D;
			remoteInfo = CordovaLib;
		};
/* End PBXContainerItemProxy section */

/* Begin PBXFileReference section */
		0207DA571B56EA530066E2B4 /* Images.xcassets */ = {isa = PBXFileReference; lastKnownFileType = folder.assetcatalog; name = Images.xcassets; path = "pick-app/Images.xcassets"; sourceTree = SOURCE_ROOT; };
		1D3623240D0F684500981E51 /* AppDelegate.h */ = {isa = PBXFileReference; fileEncoding = 4; lastKnownFileType = sourcecode.c.h; path = AppDelegate.h; sourceTree = "<group>"; };
		1D3623250D0F684500981E51 /* AppDelegate.m */ = {isa = PBXFileReference; fileEncoding = 4; lastKnownFileType = sourcecode.c.objc; path = AppDelegate.m; sourceTree = "<group>"; };
		1D6058910D05DD3D006BFB54 /* pick-app.app */ = {isa = PBXFileReference; explicitFileType = wrapper.application; includeInIndex = 0; path = "pick-app.app"; sourceTree = BUILT_PRODUCTS_DIR; };
		29B97316FDCFA39411CA2CEA /* main.m */ = {isa = PBXFileReference; fileEncoding = 4; lastKnownFileType = sourcecode.c.objc; path = main.m; sourceTree = "<group>"; };
		301BF52D109A57CC0062928A /* CordovaLib.xcodeproj */ = {isa = PBXFileReference; lastKnownFileType = "wrapper.pb-project"; name = CordovaLib.xcodeproj; path = CordovaLib/CordovaLib.xcodeproj; sourceTree = "<group>"; };
		301BF56E109A69640062928A /* www */ = {isa = PBXFileReference; lastKnownFileType = folder; path = www; sourceTree = SOURCE_ROOT; };
		302D95EE14D2391D003F00A1 /* MainViewController.h */ = {isa = PBXFileReference; fileEncoding = 4; lastKnownFileType = sourcecode.c.h; path = MainViewController.h; sourceTree = "<group>"; };
		302D95EF14D2391D003F00A1 /* MainViewController.m */ = {isa = PBXFileReference; fileEncoding = 4; lastKnownFileType = sourcecode.c.objc; path = MainViewController.m; sourceTree = "<group>"; };
		302D95F014D2391D003F00A1 /* MainViewController.xib */ = {isa = PBXFileReference; fileEncoding = 4; lastKnownFileType = file.xib; path = MainViewController.xib; sourceTree = "<group>"; };
		3047A50F1AB8059700498E2A /* build-debug.xcconfig */ = {isa = PBXFileReference; fileEncoding = 4; lastKnownFileType = text.xcconfig; name = "build-debug.xcconfig"; path = cordova/build-debug.xcconfig; sourceTree = SOURCE_ROOT; };
		3047A5101AB8059700498E2A /* build-release.xcconfig */ = {isa = PBXFileReference; fileEncoding = 4; lastKnownFileType = text.xcconfig; name = "build-release.xcconfig"; path = cordova/build-release.xcconfig; sourceTree = SOURCE_ROOT; };
		3047A5111AB8059700498E2A /* build.xcconfig */ = {isa = PBXFileReference; fileEncoding = 4; lastKnownFileType = text.xcconfig; name = build.xcconfig; path = cordova/build.xcconfig; sourceTree = SOURCE_ROOT; };
		32CA4F630368D1EE00C91783 /* pick-app-Prefix.pch */ = {isa = PBXFileReference; fileEncoding = 4; lastKnownFileType = sourcecode.c.h; path = "pick-app-Prefix.pch"; sourceTree = "<group>"; };
		8D1107310486CEB800E47090 /* pick-app-Info.plist */ = {isa = PBXFileReference; fileEncoding = 4; lastKnownFileType = text.plist.xml; name = "pick-app-Info.plist"; path = "pick-app/pick-app-Info.plist"; plistStructureDefinitionIdentifier = "com.apple.xcode.plist.structure-definition.iphone.info-plist"; sourceTree = SOURCE_ROOT; };
		EB87FDF31871DA8E0020F90C /* www */ = {isa = PBXFileReference; lastKnownFileType = folder; name = www; path = ../../www; sourceTree = "<group>"; };
		EB87FDF41871DAF40020F90C /* config.xml */ = {isa = PBXFileReference; lastKnownFileType = text.xml; name = config.xml; path = ../../config.xml; sourceTree = "<group>"; };
		F840E1F0165FE0F500CFE078 /* config.xml */ = {isa = PBXFileReference; lastKnownFileType = text.xml; name = config.xml; path = "pick-app/config.xml"; sourceTree = "<group>"; };
		ED33DF2A687741AEAF9F8254 /* Bridging-Header.h */ = {isa = PBXFileReference; fileEncoding = 4; lastKnownFileType = sourcecode.c.h; name = "Bridging-Header.h"; path = "Bridging-Header.h"; sourceTree = "<group>"; };
		514A33B4E0DA4BF08C15ECB7 /* CDVLogger.m */ = {isa = PBXFileReference; name = "CDVLogger.m"; path = "cordova-plugin-console/CDVLogger.m"; sourceTree = "<group>"; fileEncoding = 4; lastKnownFileType = sourcecode.c.objc; explicitFileType = undefined; includeInIndex = 0; };
		C4A47F51F10549E3AC6D49F4 /* CDVLogger.h */ = {isa = PBXFileReference; name = "CDVLogger.h"; path = "cordova-plugin-console/CDVLogger.h"; sourceTree = "<group>"; fileEncoding = 4; lastKnownFileType = sourcecode.c.h; explicitFileType = undefined; includeInIndex = 0; };
		4D6397BBB6384F40B54A788E /* CDVDevice.m */ = {isa = PBXFileReference; name = "CDVDevice.m"; path = "cordova-plugin-device/CDVDevice.m"; sourceTree = "<group>"; fileEncoding = 4; lastKnownFileType = sourcecode.c.objc; explicitFileType = undefined; includeInIndex = 0; };
		C41FDFAD67A94D7BBC562D6F /* CDVDevice.h */ = {isa = PBXFileReference; name = "CDVDevice.h"; path = "cordova-plugin-device/CDVDevice.h"; sourceTree = "<group>"; fileEncoding = 4; lastKnownFileType = sourcecode.c.h; explicitFileType = undefined; includeInIndex = 0; };
		EEE67AA3142F42A1B8FF86A2 /* CDVSplashScreen.m */ = {isa = PBXFileReference; name = "CDVSplashScreen.m"; path = "cordova-plugin-splashscreen/CDVSplashScreen.m"; sourceTree = "<group>"; fileEncoding = 4; lastKnownFileType = sourcecode.c.objc; explicitFileType = undefined; includeInIndex = 0; };
		BC90594BE7DA4362A8F0C53C /* CDVViewController+SplashScreen.m */ = {isa = PBXFileReference; name = "CDVViewController+SplashScreen.m"; path = "cordova-plugin-splashscreen/CDVViewController+SplashScreen.m"; sourceTree = "<group>"; fileEncoding = 4; lastKnownFileType = sourcecode.c.objc; explicitFileType = undefined; includeInIndex = 0; };
		3FFE59A391FB49A8BA730F60 /* CDVSplashScreen.h */ = {isa = PBXFileReference; name = "CDVSplashScreen.h"; path = "cordova-plugin-splashscreen/CDVSplashScreen.h"; sourceTree = "<group>"; fileEncoding = 4; lastKnownFileType = sourcecode.c.h; explicitFileType = undefined; includeInIndex = 0; };
		44D1CAF3B385435DBADE9979 /* CDVViewController+SplashScreen.h */ = {isa = PBXFileReference; name = "CDVViewController+SplashScreen.h"; path = "cordova-plugin-splashscreen/CDVViewController+SplashScreen.h"; sourceTree = "<group>"; fileEncoding = 4; lastKnownFileType = sourcecode.c.h; explicitFileType = undefined; includeInIndex = 0; };
		23CD754A70844C78AB7DDCF2 /* CDVStatusBar.m */ = {isa = PBXFileReference; name = "CDVStatusBar.m"; path = "cordova-plugin-statusbar/CDVStatusBar.m"; sourceTree = "<group>"; fileEncoding = 4; lastKnownFileType = sourcecode.c.objc; explicitFileType = undefined; includeInIndex = 0; };
		58DD6A6328E14752A9DA4E2B /* CDVStatusBar.h */ = {isa = PBXFileReference; name = "CDVStatusBar.h"; path = "cordova-plugin-statusbar/CDVStatusBar.h"; sourceTree = "<group>"; fileEncoding = 4; lastKnownFileType = sourcecode.c.h; explicitFileType = undefined; includeInIndex = 0; };
		80C53E4A5C4A4844B91C7F3E /* IonicKeyboard.m */ = {isa = PBXFileReference; name = "IonicKeyboard.m"; path = "ionic-plugin-keyboard/IonicKeyboard.m"; sourceTree = "<group>"; fileEncoding = 4; lastKnownFileType = sourcecode.c.objc; explicitFileType = undefined; includeInIndex = 0; };
		57B89F648C6D4D3CAB1975F3 /* IonicKeyboard.h */ = {isa = PBXFileReference; name = "IonicKeyboard.h"; path = "ionic-plugin-keyboard/IonicKeyboard.h"; sourceTree = "<group>"; fileEncoding = 4; lastKnownFileType = sourcecode.c.h; explicitFileType = undefined; includeInIndex = 0; };
		B0BD8A8AE1CC42F0A6C0647B /* CDVInAppBrowser.m */ = {isa = PBXFileReference; name = "CDVInAppBrowser.m"; path = "cordova-plugin-inappbrowser/CDVInAppBrowser.m"; sourceTree = "<group>"; fileEncoding = 4; lastKnownFileType = sourcecode.c.objc; explicitFileType = undefined; includeInIndex = 0; };
		34CC7A426B73476FA2D72E93 /* CDVInAppBrowser.h */ = {isa = PBXFileReference; name = "CDVInAppBrowser.h"; path = "cordova-plugin-inappbrowser/CDVInAppBrowser.h"; sourceTree = "<group>"; fileEncoding = 4; lastKnownFileType = sourcecode.c.h; explicitFileType = undefined; includeInIndex = 0; };
		642C963E0F0946BB8126F242 /* IonicConstant.m */ = {isa = PBXFileReference; name = "IonicConstant.m"; path = "ionic-plugin-deploy/IonicConstant.m"; sourceTree = "<group>"; fileEncoding = 4; lastKnownFileType = sourcecode.c.objc; explicitFileType = undefined; includeInIndex = 0; };
		8ACE74174FEB4F09A3572A47 /* IonicDeploy.m */ = {isa = PBXFileReference; name = "IonicDeploy.m"; path = "ionic-plugin-deploy/IonicDeploy.m"; sourceTree = "<group>"; fileEncoding = 4; lastKnownFileType = sourcecode.c.objc; explicitFileType = undefined; includeInIndex = 0; };
		F9261E55409B47318B8895DD /* Download.m */ = {isa = PBXFileReference; name = "Download.m"; path = "ionic-plugin-deploy/Download.m"; sourceTree = "<group>"; fileEncoding = 4; lastKnownFileType = sourcecode.c.objc; explicitFileType = undefined; includeInIndex = 0; };
		0300D69254B84286863336A1 /* DownloadManager.m */ = {isa = PBXFileReference; name = "DownloadManager.m"; path = "ionic-plugin-deploy/DownloadManager.m"; sourceTree = "<group>"; fileEncoding = 4; lastKnownFileType = sourcecode.c.objc; explicitFileType = undefined; includeInIndex = 0; };
		820C5C41E4B94813A26EC4DE /* SSZipArchive.m */ = {isa = PBXFileReference; name = "SSZipArchive.m"; path = "ionic-plugin-deploy/SSZipArchive.m"; sourceTree = "<group>"; fileEncoding = 4; lastKnownFileType = sourcecode.c.objc; explicitFileType = undefined; includeInIndex = 0; };
		EAD16AE1AA904D71850D4C75 /* ioapi.c */ = {isa = PBXFileReference; name = "ioapi.c"; path = "ionic-plugin-deploy/ioapi.c"; sourceTree = "<group>"; fileEncoding = undefined; lastKnownFileType = unknown; explicitFileType = undefined; includeInIndex = 0; };
		52F1A7FE36494B8DAEE6A9B6 /* unzip.c */ = {isa = PBXFileReference; name = "unzip.c"; path = "ionic-plugin-deploy/unzip.c"; sourceTree = "<group>"; fileEncoding = undefined; lastKnownFileType = unknown; explicitFileType = undefined; includeInIndex = 0; };
		6755DB4FB9C44563A8283C66 /* zip.c */ = {isa = PBXFileReference; name = "zip.c"; path = "ionic-plugin-deploy/zip.c"; sourceTree = "<group>"; fileEncoding = undefined; lastKnownFileType = unknown; explicitFileType = undefined; includeInIndex = 0; };
		70CDEA4CD4A744E8AD14A8DF /* adler32.c */ = {isa = PBXFileReference; name = "adler32.c"; path = "ionic-plugin-deploy/adler32.c"; sourceTree = "<group>"; fileEncoding = undefined; lastKnownFileType = unknown; explicitFileType = undefined; includeInIndex = 0; };
		44C5B8899E8A4C618B6E4794 /* compress.c */ = {isa = PBXFileReference; name = "compress.c"; path = "ionic-plugin-deploy/compress.c"; sourceTree = "<group>"; fileEncoding = undefined; lastKnownFileType = unknown; explicitFileType = undefined; includeInIndex = 0; };
		F52C1E775D034B748088EE7F /* crc32.c */ = {isa = PBXFileReference; name = "crc32.c"; path = "ionic-plugin-deploy/crc32.c"; sourceTree = "<group>"; fileEncoding = undefined; lastKnownFileType = unknown; explicitFileType = undefined; includeInIndex = 0; };
		26233DB3B49246798A03985E /* deflate.c */ = {isa = PBXFileReference; name = "deflate.c"; path = "ionic-plugin-deploy/deflate.c"; sourceTree = "<group>"; fileEncoding = undefined; lastKnownFileType = unknown; explicitFileType = undefined; includeInIndex = 0; };
		4AA8BFB390C5443BB4062C01 /* gzclose.c */ = {isa = PBXFileReference; name = "gzclose.c"; path = "ionic-plugin-deploy/gzclose.c"; sourceTree = "<group>"; fileEncoding = undefined; lastKnownFileType = unknown; explicitFileType = undefined; includeInIndex = 0; };
		3B9A56F7E1844EDBA7F286B7 /* gzlib.c */ = {isa = PBXFileReference; name = "gzlib.c"; path = "ionic-plugin-deploy/gzlib.c"; sourceTree = "<group>"; fileEncoding = undefined; lastKnownFileType = unknown; explicitFileType = undefined; includeInIndex = 0; };
		E95CC2A3E3814552912B01AE /* gzread.c */ = {isa = PBXFileReference; name = "gzread.c"; path = "ionic-plugin-deploy/gzread.c"; sourceTree = "<group>"; fileEncoding = undefined; lastKnownFileType = unknown; explicitFileType = undefined; includeInIndex = 0; };
		54759DE5B4C748D994BCA299 /* gzwrite.c */ = {isa = PBXFileReference; name = "gzwrite.c"; path = "ionic-plugin-deploy/gzwrite.c"; sourceTree = "<group>"; fileEncoding = undefined; lastKnownFileType = unknown; explicitFileType = undefined; includeInIndex = 0; };
		B84891B88E344470BBC9A68C /* infback.c */ = {isa = PBXFileReference; name = "infback.c"; path = "ionic-plugin-deploy/infback.c"; sourceTree = "<group>"; fileEncoding = undefined; lastKnownFileType = unknown; explicitFileType = undefined; includeInIndex = 0; };
		99983BCECA41456F83DC4E68 /* inffast.c */ = {isa = PBXFileReference; name = "inffast.c"; path = "ionic-plugin-deploy/inffast.c"; sourceTree = "<group>"; fileEncoding = undefined; lastKnownFileType = unknown; explicitFileType = undefined; includeInIndex = 0; };
		0AC150CC0F5644E8B5FF9449 /* inflate.c */ = {isa = PBXFileReference; name = "inflate.c"; path = "ionic-plugin-deploy/inflate.c"; sourceTree = "<group>"; fileEncoding = undefined; lastKnownFileType = unknown; explicitFileType = undefined; includeInIndex = 0; };
		14B0F896EAE2446F816B2EF4 /* inftrees.c */ = {isa = PBXFileReference; name = "inftrees.c"; path = "ionic-plugin-deploy/inftrees.c"; sourceTree = "<group>"; fileEncoding = undefined; lastKnownFileType = unknown; explicitFileType = undefined; includeInIndex = 0; };
		39DC1BB2A19A4098877255F2 /* trees.c */ = {isa = PBXFileReference; name = "trees.c"; path = "ionic-plugin-deploy/trees.c"; sourceTree = "<group>"; fileEncoding = undefined; lastKnownFileType = unknown; explicitFileType = undefined; includeInIndex = 0; };
		8F53885B17584FA0A7240EBA /* uncompr.c */ = {isa = PBXFileReference; name = "uncompr.c"; path = "ionic-plugin-deploy/uncompr.c"; sourceTree = "<group>"; fileEncoding = undefined; lastKnownFileType = unknown; explicitFileType = undefined; includeInIndex = 0; };
		9CCC6B134AED4457B745D937 /* zutil.c */ = {isa = PBXFileReference; name = "zutil.c"; path = "ionic-plugin-deploy/zutil.c"; sourceTree = "<group>"; fileEncoding = undefined; lastKnownFileType = unknown; explicitFileType = undefined; includeInIndex = 0; };
		77FC001E64E84FB7B3449E75 /* Base64.m */ = {isa = PBXFileReference; name = "Base64.m"; path = "ionic-plugin-deploy/Base64.m"; sourceTree = "<group>"; fileEncoding = 4; lastKnownFileType = sourcecode.c.objc; explicitFileType = undefined; includeInIndex = 0; };
		066B73DD4CE94F4BA9AD12BB /* UNIHTTPClientHelper.m */ = {isa = PBXFileReference; name = "UNIHTTPClientHelper.m"; path = "ionic-plugin-deploy/UNIHTTPClientHelper.m"; sourceTree = "<group>"; fileEncoding = 4; lastKnownFileType = sourcecode.c.objc; explicitFileType = undefined; includeInIndex = 0; };
		144184F73A034ED1A504BE8D /* UNIHTTPRequest.m */ = {isa = PBXFileReference; name = "UNIHTTPRequest.m"; path = "ionic-plugin-deploy/UNIHTTPRequest.m"; sourceTree = "<group>"; fileEncoding = 4; lastKnownFileType = sourcecode.c.objc; explicitFileType = undefined; includeInIndex = 0; };
		8104DCF916B04F9C820F24B9 /* UNIHTTPRequestWithBody.m */ = {isa = PBXFileReference; name = "UNIHTTPRequestWithBody.m"; path = "ionic-plugin-deploy/UNIHTTPRequestWithBody.m"; sourceTree = "<group>"; fileEncoding = 4; lastKnownFileType = sourcecode.c.objc; explicitFileType = undefined; includeInIndex = 0; };
		9C917FEC819C4C5F86D49A92 /* UNIRest.m */ = {isa = PBXFileReference; name = "UNIRest.m"; path = "ionic-plugin-deploy/UNIRest.m"; sourceTree = "<group>"; fileEncoding = 4; lastKnownFileType = sourcecode.c.objc; explicitFileType = undefined; includeInIndex = 0; };
		130602AA4BDA46BB8FAE4FDB /* UNIUrlConnection.m */ = {isa = PBXFileReference; name = "UNIUrlConnection.m"; path = "ionic-plugin-deploy/UNIUrlConnection.m"; sourceTree = "<group>"; fileEncoding = 4; lastKnownFileType = sourcecode.c.objc; explicitFileType = undefined; includeInIndex = 0; };
		4273D6C9F9A94336B8B4A56A /* UNIBaseRequest.m */ = {isa = PBXFileReference; name = "UNIBaseRequest.m"; path = "ionic-plugin-deploy/UNIBaseRequest.m"; sourceTree = "<group>"; fileEncoding = 4; lastKnownFileType = sourcecode.c.objc; explicitFileType = undefined; includeInIndex = 0; };
		66699F47A76E46AC92BAE1A5 /* UNIBodyRequest.m */ = {isa = PBXFileReference; name = "UNIBodyRequest.m"; path = "ionic-plugin-deploy/UNIBodyRequest.m"; sourceTree = "<group>"; fileEncoding = 4; lastKnownFileType = sourcecode.c.objc; explicitFileType = undefined; includeInIndex = 0; };
		700FBF779B77457AAA5FF09B /* UNISimpleRequest.m */ = {isa = PBXFileReference; name = "UNISimpleRequest.m"; path = "ionic-plugin-deploy/UNISimpleRequest.m"; sourceTree = "<group>"; fileEncoding = 4; lastKnownFileType = sourcecode.c.objc; explicitFileType = undefined; includeInIndex = 0; };
		02B20A2B00D14278905CE9D8 /* UNIHTTPBinaryResponse.m */ = {isa = PBXFileReference; name = "UNIHTTPBinaryResponse.m"; path = "ionic-plugin-deploy/UNIHTTPBinaryResponse.m"; sourceTree = "<group>"; fileEncoding = 4; lastKnownFileType = sourcecode.c.objc; explicitFileType = undefined; includeInIndex = 0; };
		C0606B3F80F34DDDB896CD44 /* UNIHTTPJsonResponse.m */ = {isa = PBXFileReference; name = "UNIHTTPJsonResponse.m"; path = "ionic-plugin-deploy/UNIHTTPJsonResponse.m"; sourceTree = "<group>"; fileEncoding = 4; lastKnownFileType = sourcecode.c.objc; explicitFileType = undefined; includeInIndex = 0; };
		FF2569842DCE44CAA6EB2C04 /* UNIHTTPResponse.m */ = {isa = PBXFileReference; name = "UNIHTTPResponse.m"; path = "ionic-plugin-deploy/UNIHTTPResponse.m"; sourceTree = "<group>"; fileEncoding = 4; lastKnownFileType = sourcecode.c.objc; explicitFileType = undefined; includeInIndex = 0; };
		CCEB67DAB7CC4A93BDEC4BF1 /* UNIHTTPStringResponse.m */ = {isa = PBXFileReference; name = "UNIHTTPStringResponse.m"; path = "ionic-plugin-deploy/UNIHTTPStringResponse.m"; sourceTree = "<group>"; fileEncoding = 4; lastKnownFileType = sourcecode.c.objc; explicitFileType = undefined; includeInIndex = 0; };
		CB6EFFA199D44A9AB4B9C67B /* UNIJsonNode.m */ = {isa = PBXFileReference; name = "UNIJsonNode.m"; path = "ionic-plugin-deploy/UNIJsonNode.m"; sourceTree = "<group>"; fileEncoding = 4; lastKnownFileType = sourcecode.c.objc; explicitFileType = undefined; includeInIndex = 0; };
		EACFF5F69388468A978C03C3 /* IonicConstant.h */ = {isa = PBXFileReference; name = "IonicConstant.h"; path = "ionic-plugin-deploy/IonicConstant.h"; sourceTree = "<group>"; fileEncoding = 4; lastKnownFileType = sourcecode.c.h; explicitFileType = undefined; includeInIndex = 0; };
		37D60BD96D98498684A3567D /* IonicDeploy.h */ = {isa = PBXFileReference; name = "IonicDeploy.h"; path = "ionic-plugin-deploy/IonicDeploy.h"; sourceTree = "<group>"; fileEncoding = 4; lastKnownFileType = sourcecode.c.h; explicitFileType = undefined; includeInIndex = 0; };
		549001BCF01D49D1BBE56452 /* Download.h */ = {isa = PBXFileReference; name = "Download.h"; path = "ionic-plugin-deploy/Download.h"; sourceTree = "<group>"; fileEncoding = 4; lastKnownFileType = sourcecode.c.h; explicitFileType = undefined; includeInIndex = 0; };
		B1AD8D1D2F4E43AD94E87B43 /* DownloadManager.h */ = {isa = PBXFileReference; name = "DownloadManager.h"; path = "ionic-plugin-deploy/DownloadManager.h"; sourceTree = "<group>"; fileEncoding = 4; lastKnownFileType = sourcecode.c.h; explicitFileType = undefined; includeInIndex = 0; };
		9146A8AFD4624949A872E562 /* SSZipArchive.h */ = {isa = PBXFileReference; name = "SSZipArchive.h"; path = "ionic-plugin-deploy/SSZipArchive.h"; sourceTree = "<group>"; fileEncoding = 4; lastKnownFileType = sourcecode.c.h; explicitFileType = undefined; includeInIndex = 0; };
		B7DF643D6E89474297EE6F9B /* ARCHelper.h */ = {isa = PBXFileReference; name = "ARCHelper.h"; path = "ionic-plugin-deploy/ARCHelper.h"; sourceTree = "<group>"; fileEncoding = 4; lastKnownFileType = sourcecode.c.h; explicitFileType = undefined; includeInIndex = 0; };
		0CFB23B7D86C45C49B49B34D /* crypt.h */ = {isa = PBXFileReference; name = "crypt.h"; path = "ionic-plugin-deploy/crypt.h"; sourceTree = "<group>"; fileEncoding = 4; lastKnownFileType = sourcecode.c.h; explicitFileType = undefined; includeInIndex = 0; };
		D02D8E159EC849C2A62BD364 /* ioapi.h */ = {isa = PBXFileReference; name = "ioapi.h"; path = "ionic-plugin-deploy/ioapi.h"; sourceTree = "<group>"; fileEncoding = 4; lastKnownFileType = sourcecode.c.h; explicitFileType = undefined; includeInIndex = 0; };
		91205B0CD7994AA79376BEF4 /* unzip.h */ = {isa = PBXFileReference; name = "unzip.h"; path = "ionic-plugin-deploy/unzip.h"; sourceTree = "<group>"; fileEncoding = 4; lastKnownFileType = sourcecode.c.h; explicitFileType = undefined; includeInIndex = 0; };
		4B0AAAE3595648FB8B1F20C8 /* zip.h */ = {isa = PBXFileReference; name = "zip.h"; path = "ionic-plugin-deploy/zip.h"; sourceTree = "<group>"; fileEncoding = 4; lastKnownFileType = sourcecode.c.h; explicitFileType = undefined; includeInIndex = 0; };
		7C36D8EC852644A18B4BCDCB /* crc32.h */ = {isa = PBXFileReference; name = "crc32.h"; path = "ionic-plugin-deploy/crc32.h"; sourceTree = "<group>"; fileEncoding = 4; lastKnownFileType = sourcecode.c.h; explicitFileType = undefined; includeInIndex = 0; };
		EC4633094328463B8EBE6B9F /* deflate.h */ = {isa = PBXFileReference; name = "deflate.h"; path = "ionic-plugin-deploy/deflate.h"; sourceTree = "<group>"; fileEncoding = 4; lastKnownFileType = sourcecode.c.h; explicitFileType = undefined; includeInIndex = 0; };
		59C9DF17B0884335906ACC53 /* gzguts.h */ = {isa = PBXFileReference; name = "gzguts.h"; path = "ionic-plugin-deploy/gzguts.h"; sourceTree = "<group>"; fileEncoding = 4; lastKnownFileType = sourcecode.c.h; explicitFileType = undefined; includeInIndex = 0; };
		24CBF80B593E45A990847A8F /* inffast.h */ = {isa = PBXFileReference; name = "inffast.h"; path = "ionic-plugin-deploy/inffast.h"; sourceTree = "<group>"; fileEncoding = 4; lastKnownFileType = sourcecode.c.h; explicitFileType = undefined; includeInIndex = 0; };
		203E946538D64A94BC73B26E /* inffixed.h */ = {isa = PBXFileReference; name = "inffixed.h"; path = "ionic-plugin-deploy/inffixed.h"; sourceTree = "<group>"; fileEncoding = 4; lastKnownFileType = sourcecode.c.h; explicitFileType = undefined; includeInIndex = 0; };
		AB2ADD09D0E94E8BB9AA82E2 /* inflate.h */ = {isa = PBXFileReference; name = "inflate.h"; path = "ionic-plugin-deploy/inflate.h"; sourceTree = "<group>"; fileEncoding = 4; lastKnownFileType = sourcecode.c.h; explicitFileType = undefined; includeInIndex = 0; };
		33783E4F0B1A4671A1918C44 /* inftrees.h */ = {isa = PBXFileReference; name = "inftrees.h"; path = "ionic-plugin-deploy/inftrees.h"; sourceTree = "<group>"; fileEncoding = 4; lastKnownFileType = sourcecode.c.h; explicitFileType = undefined; includeInIndex = 0; };
		75067C79057640F6A8AA9359 /* trees.h */ = {isa = PBXFileReference; name = "trees.h"; path = "ionic-plugin-deploy/trees.h"; sourceTree = "<group>"; fileEncoding = 4; lastKnownFileType = sourcecode.c.h; explicitFileType = undefined; includeInIndex = 0; };
		98A2F778C2B742EDB142DCCF /* zconf.h */ = {isa = PBXFileReference; name = "zconf.h"; path = "ionic-plugin-deploy/zconf.h"; sourceTree = "<group>"; fileEncoding = 4; lastKnownFileType = sourcecode.c.h; explicitFileType = undefined; includeInIndex = 0; };
		4D1FC402FCBB47A98F573555 /* zlib.h */ = {isa = PBXFileReference; name = "zlib.h"; path = "ionic-plugin-deploy/zlib.h"; sourceTree = "<group>"; fileEncoding = 4; lastKnownFileType = sourcecode.c.h; explicitFileType = undefined; includeInIndex = 0; };
		CA413840FC1946E49C8DC190 /* zutil.h */ = {isa = PBXFileReference; name = "zutil.h"; path = "ionic-plugin-deploy/zutil.h"; sourceTree = "<group>"; fileEncoding = 4; lastKnownFileType = sourcecode.c.h; explicitFileType = undefined; includeInIndex = 0; };
		DDF295DD4435490FB371CB79 /* Base64.h */ = {isa = PBXFileReference; name = "Base64.h"; path = "ionic-plugin-deploy/Base64.h"; sourceTree = "<group>"; fileEncoding = 4; lastKnownFileType = sourcecode.c.h; explicitFileType = undefined; includeInIndex = 0; };
		C1F3564E92504EDEB302C41D /* UNIHTTPClientHelper.h */ = {isa = PBXFileReference; name = "UNIHTTPClientHelper.h"; path = "ionic-plugin-deploy/UNIHTTPClientHelper.h"; sourceTree = "<group>"; fileEncoding = 4; lastKnownFileType = sourcecode.c.h; explicitFileType = undefined; includeInIndex = 0; };
		FBDFFF2391E74A46B71C1912 /* UNIHTTPRequest.h */ = {isa = PBXFileReference; name = "UNIHTTPRequest.h"; path = "ionic-plugin-deploy/UNIHTTPRequest.h"; sourceTree = "<group>"; fileEncoding = 4; lastKnownFileType = sourcecode.c.h; explicitFileType = undefined; includeInIndex = 0; };
		A596F09269E240EFAC572086 /* UNIHTTPRequestWithBody.h */ = {isa = PBXFileReference; name = "UNIHTTPRequestWithBody.h"; path = "ionic-plugin-deploy/UNIHTTPRequestWithBody.h"; sourceTree = "<group>"; fileEncoding = 4; lastKnownFileType = sourcecode.c.h; explicitFileType = undefined; includeInIndex = 0; };
		6F8ACB40C2554F7D8ED1A682 /* Unirest-Prefix.pch */ = {isa = PBXFileReference; name = "Unirest-Prefix.pch"; path = "ionic-plugin-deploy/Unirest-Prefix.pch"; sourceTree = "<group>"; fileEncoding = 4; lastKnownFileType = sourcecode.c.h; explicitFileType = undefined; includeInIndex = 0; };
		9BD1395355D144EB9D02EEE1 /* UNIRest.h */ = {isa = PBXFileReference; name = "UNIRest.h"; path = "ionic-plugin-deploy/UNIRest.h"; sourceTree = "<group>"; fileEncoding = 4; lastKnownFileType = sourcecode.c.h; explicitFileType = undefined; includeInIndex = 0; };
		532BC8A22D4A4D35AB4CAAF5 /* UNIUrlConnection.h */ = {isa = PBXFileReference; name = "UNIUrlConnection.h"; path = "ionic-plugin-deploy/UNIUrlConnection.h"; sourceTree = "<group>"; fileEncoding = 4; lastKnownFileType = sourcecode.c.h; explicitFileType = undefined; includeInIndex = 0; };
		74400F8C74B04F3BA8EA40AD /* UNIBaseRequest.h */ = {isa = PBXFileReference; name = "UNIBaseRequest.h"; path = "ionic-plugin-deploy/UNIBaseRequest.h"; sourceTree = "<group>"; fileEncoding = 4; lastKnownFileType = sourcecode.c.h; explicitFileType = undefined; includeInIndex = 0; };
		5533748D6D924F119578905B /* UNIBodyRequest.h */ = {isa = PBXFileReference; name = "UNIBodyRequest.h"; path = "ionic-plugin-deploy/UNIBodyRequest.h"; sourceTree = "<group>"; fileEncoding = 4; lastKnownFileType = sourcecode.c.h; explicitFileType = undefined; includeInIndex = 0; };
		C1BCDD314EE54FD4AED0FE98 /* UNISimpleRequest.h */ = {isa = PBXFileReference; name = "UNISimpleRequest.h"; path = "ionic-plugin-deploy/UNISimpleRequest.h"; sourceTree = "<group>"; fileEncoding = 4; lastKnownFileType = sourcecode.c.h; explicitFileType = undefined; includeInIndex = 0; };
		D614F4A98B8E4F5C921F72C7 /* UNIHTTPBinaryResponse.h */ = {isa = PBXFileReference; name = "UNIHTTPBinaryResponse.h"; path = "ionic-plugin-deploy/UNIHTTPBinaryResponse.h"; sourceTree = "<group>"; fileEncoding = 4; lastKnownFileType = sourcecode.c.h; explicitFileType = undefined; includeInIndex = 0; };
		4F8FE9B8CFA84AE78F0F8A45 /* UNIHTTPJsonResponse.h */ = {isa = PBXFileReference; name = "UNIHTTPJsonResponse.h"; path = "ionic-plugin-deploy/UNIHTTPJsonResponse.h"; sourceTree = "<group>"; fileEncoding = 4; lastKnownFileType = sourcecode.c.h; explicitFileType = undefined; includeInIndex = 0; };
		79A6C08A62334946AB9CC221 /* UNIHTTPResponse.h */ = {isa = PBXFileReference; name = "UNIHTTPResponse.h"; path = "ionic-plugin-deploy/UNIHTTPResponse.h"; sourceTree = "<group>"; fileEncoding = 4; lastKnownFileType = sourcecode.c.h; explicitFileType = undefined; includeInIndex = 0; };
		51EDCE2324C5408B8A1F206F /* UNIHTTPStringResponse.h */ = {isa = PBXFileReference; name = "UNIHTTPStringResponse.h"; path = "ionic-plugin-deploy/UNIHTTPStringResponse.h"; sourceTree = "<group>"; fileEncoding = 4; lastKnownFileType = sourcecode.c.h; explicitFileType = undefined; includeInIndex = 0; };
		36F22C8C414049D598AF1F0D /* UNIJsonNode.h */ = {isa = PBXFileReference; name = "UNIJsonNode.h"; path = "ionic-plugin-deploy/UNIJsonNode.h"; sourceTree = "<group>"; fileEncoding = 4; lastKnownFileType = sourcecode.c.h; explicitFileType = undefined; includeInIndex = 0; };
/* End PBXFileReference section */

/* Begin PBXFrameworksBuildPhase section */
		1D60588F0D05DD3D006BFB54 /* Frameworks */ = {
			isa = PBXFrameworksBuildPhase;
			buildActionMask = 2147483647;
			files = (
				301BF552109A68D80062928A /* libCordova.a in Frameworks */,
			);
			runOnlyForDeploymentPostprocessing = 0;
		};
/* End PBXFrameworksBuildPhase section */

/* Begin PBXGroup section */
		080E96DDFE201D6D7F000001 /* Classes */ = {
			isa = PBXGroup;
			children = (
				302D95EE14D2391D003F00A1 /* MainViewController.h */,
				302D95EF14D2391D003F00A1 /* MainViewController.m */,
				302D95F014D2391D003F00A1 /* MainViewController.xib */,
				1D3623240D0F684500981E51 /* AppDelegate.h */,
				1D3623250D0F684500981E51 /* AppDelegate.m */,
			);
			name = Classes;
			path = "pick-app/Classes";
			sourceTree = SOURCE_ROOT;
		};
		19C28FACFE9D520D11CA2CBB /* Products */ = {
			isa = PBXGroup;
			children = (
				1D6058910D05DD3D006BFB54 /* pick-app.app */,
			);
			name = Products;
			sourceTree = "<group>";
		};
		29B97314FDCFA39411CA2CEA /* CustomTemplate */ = {
			isa = PBXGroup;
			children = (
				EB87FDF41871DAF40020F90C /* config.xml */,
				EB87FDF31871DA8E0020F90C /* www */,
				EB87FDF11871DA420020F90C /* Staging */,
				301BF52D109A57CC0062928A /* CordovaLib.xcodeproj */,
				080E96DDFE201D6D7F000001 /* Classes */,
				307C750510C5A3420062BCA9 /* Plugins */,
				29B97315FDCFA39411CA2CEA /* Other Sources */,
				29B97317FDCFA39411CA2CEA /* Resources */,
				29B97323FDCFA39411CA2CEA /* Frameworks */,
				19C28FACFE9D520D11CA2CBB /* Products */,
			);
			name = CustomTemplate;
			sourceTree = "<group>";
		};
		29B97315FDCFA39411CA2CEA /* Other Sources */ = {
			isa = PBXGroup;
			children = (
				32CA4F630368D1EE00C91783 /* pick-app-Prefix.pch */,
				29B97316FDCFA39411CA2CEA /* main.m */,
				ED33DF2A687741AEAF9F8254 /* Bridging-Header.h */,
			);
			name = "Other Sources";
			path = "pick-app";
			sourceTree = "<group>";
		};
		29B97317FDCFA39411CA2CEA /* Resources */ = {
			isa = PBXGroup;
			children = (
				0207DA571B56EA530066E2B4 /* Images.xcassets */,
				3047A50E1AB8057F00498E2A /* config */,
				8D1107310486CEB800E47090 /* pick-app-Info.plist */,
			);
			name = Resources;
			path = "pick-app/Resources";
			sourceTree = "<group>";
		};
		29B97323FDCFA39411CA2CEA /* Frameworks */ = {
			isa = PBXGroup;
			children = (
			);
			name = Frameworks;
			sourceTree = "<group>";
		};
		301BF52E109A57CC0062928A /* Products */ = {
			isa = PBXGroup;
			children = (
				301BF535109A57CC0062928A /* libCordova.a */,
			);
			name = Products;
			sourceTree = "<group>";
		};
		3047A50E1AB8057F00498E2A /* config */ = {
			isa = PBXGroup;
			children = (
				3047A50F1AB8059700498E2A /* build-debug.xcconfig */,
				3047A5101AB8059700498E2A /* build-release.xcconfig */,
				3047A5111AB8059700498E2A /* build.xcconfig */,
			);
			name = config;
			sourceTree = "<group>";
		};
		307C750510C5A3420062BCA9 /* Plugins */ = {
			isa = PBXGroup;
			children = (
				514A33B4E0DA4BF08C15ECB7 /* CDVLogger.m */,
				C4A47F51F10549E3AC6D49F4 /* CDVLogger.h */,
				4D6397BBB6384F40B54A788E /* CDVDevice.m */,
				C41FDFAD67A94D7BBC562D6F /* CDVDevice.h */,
				EEE67AA3142F42A1B8FF86A2 /* CDVSplashScreen.m */,
				BC90594BE7DA4362A8F0C53C /* CDVViewController+SplashScreen.m */,
				3FFE59A391FB49A8BA730F60 /* CDVSplashScreen.h */,
				44D1CAF3B385435DBADE9979 /* CDVViewController+SplashScreen.h */,
				23CD754A70844C78AB7DDCF2 /* CDVStatusBar.m */,
				58DD6A6328E14752A9DA4E2B /* CDVStatusBar.h */,
				80C53E4A5C4A4844B91C7F3E /* IonicKeyboard.m */,
				57B89F648C6D4D3CAB1975F3 /* IonicKeyboard.h */,
				B0BD8A8AE1CC42F0A6C0647B /* CDVInAppBrowser.m */,
				34CC7A426B73476FA2D72E93 /* CDVInAppBrowser.h */,
				642C963E0F0946BB8126F242 /* IonicConstant.m */,
				8ACE74174FEB4F09A3572A47 /* IonicDeploy.m */,
				F9261E55409B47318B8895DD /* Download.m */,
				0300D69254B84286863336A1 /* DownloadManager.m */,
				820C5C41E4B94813A26EC4DE /* SSZipArchive.m */,
				EAD16AE1AA904D71850D4C75 /* ioapi.c */,
				52F1A7FE36494B8DAEE6A9B6 /* unzip.c */,
				6755DB4FB9C44563A8283C66 /* zip.c */,
				70CDEA4CD4A744E8AD14A8DF /* adler32.c */,
				44C5B8899E8A4C618B6E4794 /* compress.c */,
				F52C1E775D034B748088EE7F /* crc32.c */,
				26233DB3B49246798A03985E /* deflate.c */,
				4AA8BFB390C5443BB4062C01 /* gzclose.c */,
				3B9A56F7E1844EDBA7F286B7 /* gzlib.c */,
				E95CC2A3E3814552912B01AE /* gzread.c */,
				54759DE5B4C748D994BCA299 /* gzwrite.c */,
				B84891B88E344470BBC9A68C /* infback.c */,
				99983BCECA41456F83DC4E68 /* inffast.c */,
				0AC150CC0F5644E8B5FF9449 /* inflate.c */,
				14B0F896EAE2446F816B2EF4 /* inftrees.c */,
				39DC1BB2A19A4098877255F2 /* trees.c */,
				8F53885B17584FA0A7240EBA /* uncompr.c */,
				9CCC6B134AED4457B745D937 /* zutil.c */,
				77FC001E64E84FB7B3449E75 /* Base64.m */,
				066B73DD4CE94F4BA9AD12BB /* UNIHTTPClientHelper.m */,
				144184F73A034ED1A504BE8D /* UNIHTTPRequest.m */,
				8104DCF916B04F9C820F24B9 /* UNIHTTPRequestWithBody.m */,
				9C917FEC819C4C5F86D49A92 /* UNIRest.m */,
				130602AA4BDA46BB8FAE4FDB /* UNIUrlConnection.m */,
				4273D6C9F9A94336B8B4A56A /* UNIBaseRequest.m */,
				66699F47A76E46AC92BAE1A5 /* UNIBodyRequest.m */,
				700FBF779B77457AAA5FF09B /* UNISimpleRequest.m */,
				02B20A2B00D14278905CE9D8 /* UNIHTTPBinaryResponse.m */,
				C0606B3F80F34DDDB896CD44 /* UNIHTTPJsonResponse.m */,
				FF2569842DCE44CAA6EB2C04 /* UNIHTTPResponse.m */,
				CCEB67DAB7CC4A93BDEC4BF1 /* UNIHTTPStringResponse.m */,
				CB6EFFA199D44A9AB4B9C67B /* UNIJsonNode.m */,
				EACFF5F69388468A978C03C3 /* IonicConstant.h */,
				37D60BD96D98498684A3567D /* IonicDeploy.h */,
				549001BCF01D49D1BBE56452 /* Download.h */,
				B1AD8D1D2F4E43AD94E87B43 /* DownloadManager.h */,
				9146A8AFD4624949A872E562 /* SSZipArchive.h */,
				B7DF643D6E89474297EE6F9B /* ARCHelper.h */,
				0CFB23B7D86C45C49B49B34D /* crypt.h */,
				D02D8E159EC849C2A62BD364 /* ioapi.h */,
				91205B0CD7994AA79376BEF4 /* unzip.h */,
				4B0AAAE3595648FB8B1F20C8 /* zip.h */,
				7C36D8EC852644A18B4BCDCB /* crc32.h */,
				EC4633094328463B8EBE6B9F /* deflate.h */,
				59C9DF17B0884335906ACC53 /* gzguts.h */,
				24CBF80B593E45A990847A8F /* inffast.h */,
				203E946538D64A94BC73B26E /* inffixed.h */,
				AB2ADD09D0E94E8BB9AA82E2 /* inflate.h */,
				33783E4F0B1A4671A1918C44 /* inftrees.h */,
				75067C79057640F6A8AA9359 /* trees.h */,
				98A2F778C2B742EDB142DCCF /* zconf.h */,
				4D1FC402FCBB47A98F573555 /* zlib.h */,
				CA413840FC1946E49C8DC190 /* zutil.h */,
				DDF295DD4435490FB371CB79 /* Base64.h */,
				C1F3564E92504EDEB302C41D /* UNIHTTPClientHelper.h */,
				FBDFFF2391E74A46B71C1912 /* UNIHTTPRequest.h */,
				A596F09269E240EFAC572086 /* UNIHTTPRequestWithBody.h */,
				6F8ACB40C2554F7D8ED1A682 /* Unirest-Prefix.pch */,
				9BD1395355D144EB9D02EEE1 /* UNIRest.h */,
				532BC8A22D4A4D35AB4CAAF5 /* UNIUrlConnection.h */,
				74400F8C74B04F3BA8EA40AD /* UNIBaseRequest.h */,
				5533748D6D924F119578905B /* UNIBodyRequest.h */,
				C1BCDD314EE54FD4AED0FE98 /* UNISimpleRequest.h */,
				D614F4A98B8E4F5C921F72C7 /* UNIHTTPBinaryResponse.h */,
				4F8FE9B8CFA84AE78F0F8A45 /* UNIHTTPJsonResponse.h */,
				79A6C08A62334946AB9CC221 /* UNIHTTPResponse.h */,
				51EDCE2324C5408B8A1F206F /* UNIHTTPStringResponse.h */,
				36F22C8C414049D598AF1F0D /* UNIJsonNode.h */,
			);
			name = Plugins;
			path = "pick-app/Plugins";
			sourceTree = SOURCE_ROOT;
		};
		EB87FDF11871DA420020F90C /* Staging */ = {
			isa = PBXGroup;
			children = (
				F840E1F0165FE0F500CFE078 /* config.xml */,
				301BF56E109A69640062928A /* www */,
			);
			name = Staging;
			sourceTree = "<group>";
		};
/* End PBXGroup section */

/* Begin PBXNativeTarget section */
		1D6058900D05DD3D006BFB54 /* pick-app */ = {
			isa = PBXNativeTarget;
			buildConfigurationList = 1D6058960D05DD3E006BFB54 /* Build configuration list for PBXNativeTarget "pick-app" */;
			buildPhases = (
				304B58A110DAC018002A0835 /* Copy www directory */,
				1D60588D0D05DD3D006BFB54 /* Resources */,
				1D60588E0D05DD3D006BFB54 /* Sources */,
				1D60588F0D05DD3D006BFB54 /* Frameworks */,
			);
			buildRules = (
			);
			dependencies = (
				301BF551109A68C00062928A /* PBXTargetDependency */,
			);
			name = "pick-app";
			productName = "pick-app";
			productReference = 1D6058910D05DD3D006BFB54 /* pick-app.app */;
			productType = "com.apple.product-type.application";
		};
/* End PBXNativeTarget section */

/* Begin PBXProject section */
		29B97313FDCFA39411CA2CEA /* Project object */ = {
			isa = PBXProject;
			attributes = {
				LastUpgradeCheck = 510;
			};
			buildConfigurationList = C01FCF4E08A954540054247B /* Build configuration list for PBXProject "__NON-CLI__" */;
			compatibilityVersion = "Xcode 3.2";
			developmentRegion = English;
			hasScannedForEncodings = 1;
			mainGroup = 29B97314FDCFA39411CA2CEA /* CustomTemplate */;
			projectDirPath = "";
			projectReferences = (
				{
					ProductGroup = 301BF52E109A57CC0062928A /* Products */;
					ProjectRef = 301BF52D109A57CC0062928A /* CordovaLib.xcodeproj */;
				},
			);
			projectRoot = "";
			targets = (
				1D6058900D05DD3D006BFB54 /* pick-app */,
			);
		};
/* End PBXProject section */

/* Begin PBXReferenceProxy section */
		301BF535109A57CC0062928A /* libCordova.a */ = {
			isa = PBXReferenceProxy;
			fileType = archive.ar;
			path = libCordova.a;
			remoteRef = 301BF534109A57CC0062928A /* PBXContainerItemProxy */;
			sourceTree = BUILT_PRODUCTS_DIR;
		};
/* End PBXReferenceProxy section */

/* Begin PBXResourcesBuildPhase section */
		1D60588D0D05DD3D006BFB54 /* Resources */ = {
			isa = PBXResourcesBuildPhase;
			buildActionMask = 2147483647;
			files = (
				302D95F214D2391D003F00A1 /* MainViewController.xib in Resources */,
				3047A5131AB8059700498E2A /* build-release.xcconfig in Resources */,
				3047A5141AB8059700498E2A /* build.xcconfig in Resources */,
				0207DA581B56EA530066E2B4 /* Images.xcassets in Resources */,
				3047A5121AB8059700498E2A /* build-debug.xcconfig in Resources */,
			);
			runOnlyForDeploymentPostprocessing = 0;
		};
/* End PBXResourcesBuildPhase section */

/* Begin PBXShellScriptBuildPhase section */
		304B58A110DAC018002A0835 /* Copy www directory */ = {
			isa = PBXShellScriptBuildPhase;
			buildActionMask = 2147483647;
			files = (
			);
			inputPaths = (
			);
			name = "Copy www directory";
			outputPaths = (
			);
			runOnlyForDeploymentPostprocessing = 0;
			shellPath = /bin/sh;
			shellScript = "NODEJS_PATH=/usr/local/bin; NVM_NODE_PATH=~/.nvm/versions/node/`nvm version 2>/dev/null`/bin; N_NODE_PATH=`find /usr/local/n/versions/node/* -maxdepth 0 -type d 2>/dev/null | tail -1`/bin; XCODE_NODE_PATH=`xcode-select --print-path`/usr/share/xcs/Node/bin; PATH=$NODEJS_PATH:$NVM_NODE_PATH:$N_NODE_PATH:$XCODE_NODE_PATH:$PATH && node cordova/lib/copy-www-build-step.js";
			showEnvVarsInLog = 0;
		};
/* End PBXShellScriptBuildPhase section */

/* Begin PBXSourcesBuildPhase section */
		1D60588E0D05DD3D006BFB54 /* Sources */ = {
			isa = PBXSourcesBuildPhase;
			buildActionMask = 2147483647;
			files = (
				1D60589B0D05DD56006BFB54 /* main.m in Sources */,
				1D3623260D0F684500981E51 /* AppDelegate.m in Sources */,
				302D95F114D2391D003F00A1 /* MainViewController.m in Sources */,
				7A19FF153A604257BD70DB0D /* CDVLogger.m in Sources */,
				6C5BE3EF39CD4123A4E734B1 /* CDVDevice.m in Sources */,
				933406708C924881838E8A2D /* CDVSplashScreen.m in Sources */,
				F1E935FB86594C0E9A85D711 /* CDVViewController+SplashScreen.m in Sources */,
				DD5CB543A0FA4896BBA27192 /* CDVStatusBar.m in Sources */,
				C0CA107B1B8B458590DB8F7A /* IonicKeyboard.m in Sources */,
				C1803D421C344E8F9C8CA18E /* CDVInAppBrowser.m in Sources */,
				B897B38B62A54B84A51F3D02 /* IonicConstant.m in Sources */,
				F75281B7A52D4898A2C90E9E /* IonicDeploy.m in Sources */,
				C853EE437EC3461AB2496807 /* Download.m in Sources */,
				EAAE92D100A143ABBAA00F77 /* DownloadManager.m in Sources */,
				34B65130283E425C83665622 /* SSZipArchive.m in Sources */,
				34AB0B73871A4D4296ADE76A /* ioapi.c in Resources */,
				F701C640F8944EF9BDFE8B04 /* unzip.c in Resources */,
				04448ACD65014CF19DB3CA3F /* zip.c in Resources */,
				B3BD47390B944DF2BFE34EF3 /* adler32.c in Resources */,
				9A72899A257046CAADE45B8A /* compress.c in Resources */,
				F8848D2464FA49688B294965 /* crc32.c in Resources */,
				3E8C5B581CDF4A0CB6F269B7 /* deflate.c in Resources */,
				E1D6151C9BCB4619A8661A82 /* gzclose.c in Resources */,
				661A1672E5194FB79E5A4472 /* gzlib.c in Resources */,
				5DE8561FE4AD49CC84A89845 /* gzread.c in Resources */,
				C95227E8C74A4CF5B7145E37 /* gzwrite.c in Resources */,
				115F706177544C2AAEDADE49 /* infback.c in Resources */,
				D99D3EF48BBC4A0E886EF9E7 /* inffast.c in Resources */,
				D4B4913A638E480EAE49DE54 /* inflate.c in Resources */,
				525C01439EE74AB4A17D7EE3 /* inftrees.c in Resources */,
				07AA12FEA5C84B6BB4737DAB /* trees.c in Resources */,
				43B3AD1EC3D24E3E80D919C3 /* uncompr.c in Resources */,
				33AE79DE71CC4847833B4444 /* zutil.c in Resources */,
				23307DFA389C4DB38A7EAE43 /* Base64.m in Sources */,
				B7D8875B07DE44A68A151BF1 /* UNIHTTPClientHelper.m in Sources */,
				7A6659DE249E4AE795F0A576 /* UNIHTTPRequest.m in Sources */,
				859067C571E540649C0C0A9A /* UNIHTTPRequestWithBody.m in Sources */,
				4A6E779A6D7D440E83F5A711 /* UNIRest.m in Sources */,
				3AB4E539C0C7413B821442F7 /* UNIUrlConnection.m in Sources */,
				4F2E0A4E0F0B4C32A2B9EDD3 /* UNIBaseRequest.m in Sources */,
				9FDB0BD300EA4ED3A675A832 /* UNIBodyRequest.m in Sources */,
				BE77AF0B51A747B3BA514FB5 /* UNISimpleRequest.m in Sources */,
				F27F4C93A15242A598F2A4C3 /* UNIHTTPBinaryResponse.m in Sources */,
				9153DBADE7CA434EAC2CA235 /* UNIHTTPJsonResponse.m in Sources */,
				91A81F54231B49F2B8261FBA /* UNIHTTPResponse.m in Sources */,
				0D52B1520C5142FFBCB5722F /* UNIHTTPStringResponse.m in Sources */,
				F0B615B97744498BB2FF950D /* UNIJsonNode.m in Sources */,
			);
			runOnlyForDeploymentPostprocessing = 0;
		};
/* End PBXSourcesBuildPhase section */

/* Begin PBXTargetDependency section */
		301BF551109A68C00062928A /* PBXTargetDependency */ = {
			isa = PBXTargetDependency;
			name = CordovaLib;
			targetProxy = 301BF550109A68C00062928A /* PBXContainerItemProxy */;
		};
/* End PBXTargetDependency section */

/* Begin XCBuildConfiguration section */
		1D6058940D05DD3E006BFB54 /* Debug */ = {
			isa = XCBuildConfiguration;
			baseConfigurationReference = 3047A50F1AB8059700498E2A /* build-debug.xcconfig */;
			buildSettings = {
				ALWAYS_SEARCH_USER_PATHS = NO;
				ASSETCATALOG_COMPILER_APPICON_NAME = AppIcon;
				ASSETCATALOG_COMPILER_LAUNCHIMAGE_NAME = LaunchImage;
				CLANG_ENABLE_MODULES = YES;
				CLANG_ENABLE_OBJC_ARC = YES;
				COPY_PHASE_STRIP = NO;
				GCC_DYNAMIC_NO_PIC = NO;
				GCC_OPTIMIZATION_LEVEL = 0;
				GCC_PRECOMPILE_PREFIX_HEADER = YES;
				GCC_PREFIX_HEADER = "pick-app/pick-app-Prefix.pch";
				GCC_THUMB_SUPPORT = NO;
				GCC_VERSION = "";
				INFOPLIST_FILE = "pick-app/pick-app-Info.plist";
				LD_RUNPATH_SEARCH_PATHS = "@executable_path/Frameworks";
				PRODUCT_NAME = "pick-app";
			};
			name = Debug;
		};
		1D6058950D05DD3E006BFB54 /* Release */ = {
			isa = XCBuildConfiguration;
			baseConfigurationReference = 3047A5101AB8059700498E2A /* build-release.xcconfig */;
			buildSettings = {
				ALWAYS_SEARCH_USER_PATHS = NO;
				ASSETCATALOG_COMPILER_APPICON_NAME = AppIcon;
				ASSETCATALOG_COMPILER_LAUNCHIMAGE_NAME = LaunchImage;
				CLANG_ENABLE_MODULES = YES;
				CLANG_ENABLE_OBJC_ARC = YES;
				COPY_PHASE_STRIP = YES;
				GCC_PRECOMPILE_PREFIX_HEADER = YES;
				GCC_PREFIX_HEADER = "pick-app/pick-app-Prefix.pch";
				GCC_THUMB_SUPPORT = NO;
				GCC_VERSION = "";
				INFOPLIST_FILE = "pick-app/pick-app-Info.plist";
				PRODUCT_NAME = "pick-app";
			};
			name = Release;
		};
		C01FCF4F08A954540054247B /* Debug */ = {
			isa = XCBuildConfiguration;
			baseConfigurationReference = 3047A5111AB8059700498E2A /* build.xcconfig */;
			buildSettings = {
				CLANG_ENABLE_MODULES = YES;
				CLANG_ENABLE_OBJC_ARC = YES;
				CLANG_WARN_BOOL_CONVERSION = YES;
				CLANG_WARN_CONSTANT_CONVERSION = YES;
				CLANG_WARN_EMPTY_BODY = YES;
				CLANG_WARN_ENUM_CONVERSION = YES;
				CLANG_WARN_INT_CONVERSION = YES;
				CLANG_WARN__DUPLICATE_METHOD_MATCH = YES;
				GCC_C_LANGUAGE_STANDARD = c99;
				GCC_THUMB_SUPPORT = NO;
				GCC_VERSION = "";
				GCC_WARN_ABOUT_RETURN_TYPE = YES;
				GCC_WARN_UNDECLARED_SELECTOR = YES;
				GCC_WARN_UNINITIALIZED_AUTOS = YES;
				GCC_WARN_UNUSED_FUNCTION = YES;
				GCC_WARN_UNUSED_VARIABLE = YES;
				ONLY_ACTIVE_ARCH = YES;
				SDKROOT = iphoneos;
				SKIP_INSTALL = NO;
			};
			name = Debug;
		};
		C01FCF5008A954540054247B /* Release */ = {
			isa = XCBuildConfiguration;
			baseConfigurationReference = 3047A5111AB8059700498E2A /* build.xcconfig */;
			buildSettings = {
				CLANG_ENABLE_MODULES = YES;
				CLANG_ENABLE_OBJC_ARC = YES;
				CLANG_WARN_BOOL_CONVERSION = YES;
				CLANG_WARN_CONSTANT_CONVERSION = YES;
				CLANG_WARN_EMPTY_BODY = YES;
				CLANG_WARN_ENUM_CONVERSION = YES;
				CLANG_WARN_INT_CONVERSION = YES;
				CLANG_WARN__DUPLICATE_METHOD_MATCH = YES;
				GCC_C_LANGUAGE_STANDARD = c99;
				GCC_THUMB_SUPPORT = NO;
				GCC_VERSION = "";
				GCC_WARN_ABOUT_RETURN_TYPE = YES;
				GCC_WARN_UNDECLARED_SELECTOR = YES;
				GCC_WARN_UNINITIALIZED_AUTOS = YES;
				GCC_WARN_UNUSED_FUNCTION = YES;
				GCC_WARN_UNUSED_VARIABLE = YES;
				SDKROOT = iphoneos;
				SKIP_INSTALL = NO;
			};
			name = Release;
		};
/* End XCBuildConfiguration section */

/* Begin XCConfigurationList section */
		1D6058960D05DD3E006BFB54 /* Build configuration list for PBXNativeTarget "pick-app" */ = {
			isa = XCConfigurationList;
			buildConfigurations = (
				1D6058940D05DD3E006BFB54 /* Debug */,
				1D6058950D05DD3E006BFB54 /* Release */,
			);
			defaultConfigurationIsVisible = 0;
			defaultConfigurationName = Release;
		};
		C01FCF4E08A954540054247B /* Build configuration list for PBXProject "__NON-CLI__" */ = {
			isa = XCConfigurationList;
			buildConfigurations = (
				C01FCF4F08A954540054247B /* Debug */,
				C01FCF5008A954540054247B /* Release */,
			);
			defaultConfigurationIsVisible = 0;
			defaultConfigurationName = Release;
		};
/* End XCConfigurationList section */
	};
	rootObject = 29B97313FDCFA39411CA2CEA /* Project object */;
}
